// !$*UTF8*$!
{
	archiveVersion = 1;
	classes = {
	};
	objectVersion = 50;
	objects = {

/* Begin PBXBuildFile section */
		6F0B0C562642BB0200EF95F2 /* Core_Data_RecipeApp.swift in Sources */ = {isa = PBXBuildFile; fileRef = 6F0B0C552642BB0200EF95F2 /* Core_Data_RecipeApp.swift */; };
		6F0B0C582642BB0200EF95F2 /* ContentView.swift in Sources */ = {isa = PBXBuildFile; fileRef = 6F0B0C572642BB0200EF95F2 /* ContentView.swift */; };
		6F0B0C5A2642BB0600EF95F2 /* Assets.xcassets in Resources */ = {isa = PBXBuildFile; fileRef = 6F0B0C592642BB0600EF95F2 /* Assets.xcassets */; };
		6F0B0C5D2642BB0600EF95F2 /* Preview Assets.xcassets in Resources */ = {isa = PBXBuildFile; fileRef = 6F0B0C5C2642BB0600EF95F2 /* Preview Assets.xcassets */; };
		6F0B0C5F2642BB0600EF95F2 /* Persistence.swift in Sources */ = {isa = PBXBuildFile; fileRef = 6F0B0C5E2642BB0600EF95F2 /* Persistence.swift */; };
		6F0B0C622642BB0600EF95F2 /* Core_Data_Recipe.xcdatamodeld in Sources */ = {isa = PBXBuildFile; fileRef = 6F0B0C602642BB0600EF95F2 /* Core_Data_Recipe.xcdatamodeld */; };
		6F0B0C6D2642BB0600EF95F2 /* Core_Data_RecipeTests.swift in Sources */ = {isa = PBXBuildFile; fileRef = 6F0B0C6C2642BB0600EF95F2 /* Core_Data_RecipeTests.swift */; };
		6F0B0C782642BB0700EF95F2 /* Core_Data_RecipeUITests.swift in Sources */ = {isa = PBXBuildFile; fileRef = 6F0B0C772642BB0700EF95F2 /* Core_Data_RecipeUITests.swift */; };
/* End PBXBuildFile section */

/* Begin PBXContainerItemProxy section */
		6F0B0C692642BB0600EF95F2 /* PBXContainerItemProxy */ = {
			isa = PBXContainerItemProxy;
			containerPortal = 6F0B0C4A2642BB0200EF95F2 /* Project object */;
			proxyType = 1;
			remoteGlobalIDString = 6F0B0C512642BB0200EF95F2;
			remoteInfo = "Core Data Recipe";
		};
		6F0B0C742642BB0700EF95F2 /* PBXContainerItemProxy */ = {
			isa = PBXContainerItemProxy;
			containerPortal = 6F0B0C4A2642BB0200EF95F2 /* Project object */;
			proxyType = 1;
			remoteGlobalIDString = 6F0B0C512642BB0200EF95F2;
			remoteInfo = "Core Data Recipe";
		};
/* End PBXContainerItemProxy section */

/* Begin PBXFileReference section */
		6F0B0C522642BB0200EF95F2 /* Core Data Recipe.app */ = {isa = PBXFileReference; explicitFileType = wrapper.application; includeInIndex = 0; path = "Core Data Recipe.app"; sourceTree = BUILT_PRODUCTS_DIR; };
		6F0B0C552642BB0200EF95F2 /* Core_Data_RecipeApp.swift */ = {isa = PBXFileReference; lastKnownFileType = sourcecode.swift; path = Core_Data_RecipeApp.swift; sourceTree = "<group>"; };
		6F0B0C572642BB0200EF95F2 /* ContentView.swift */ = {isa = PBXFileReference; lastKnownFileType = sourcecode.swift; path = ContentView.swift; sourceTree = "<group>"; };
		6F0B0C592642BB0600EF95F2 /* Assets.xcassets */ = {isa = PBXFileReference; lastKnownFileType = folder.assetcatalog; path = Assets.xcassets; sourceTree = "<group>"; };
		6F0B0C5C2642BB0600EF95F2 /* Preview Assets.xcassets */ = {isa = PBXFileReference; lastKnownFileType = folder.assetcatalog; path = "Preview Assets.xcassets"; sourceTree = "<group>"; };
		6F0B0C5E2642BB0600EF95F2 /* Persistence.swift */ = {isa = PBXFileReference; lastKnownFileType = sourcecode.swift; path = Persistence.swift; sourceTree = "<group>"; };
		6F0B0C612642BB0600EF95F2 /* Core_Data_Recipe.xcdatamodel */ = {isa = PBXFileReference; lastKnownFileType = wrapper.xcdatamodel; path = Core_Data_Recipe.xcdatamodel; sourceTree = "<group>"; };
		6F0B0C632642BB0600EF95F2 /* Info.plist */ = {isa = PBXFileReference; lastKnownFileType = text.plist.xml; path = Info.plist; sourceTree = "<group>"; };
		6F0B0C682642BB0600EF95F2 /* Core Data RecipeTests.xctest */ = {isa = PBXFileReference; explicitFileType = wrapper.cfbundle; includeInIndex = 0; path = "Core Data RecipeTests.xctest"; sourceTree = BUILT_PRODUCTS_DIR; };
		6F0B0C6C2642BB0600EF95F2 /* Core_Data_RecipeTests.swift */ = {isa = PBXFileReference; lastKnownFileType = sourcecode.swift; path = Core_Data_RecipeTests.swift; sourceTree = "<group>"; };
		6F0B0C6E2642BB0600EF95F2 /* Info.plist */ = {isa = PBXFileReference; lastKnownFileType = text.plist.xml; path = Info.plist; sourceTree = "<group>"; };
		6F0B0C732642BB0700EF95F2 /* Core Data RecipeUITests.xctest */ = {isa = PBXFileReference; explicitFileType = wrapper.cfbundle; includeInIndex = 0; path = "Core Data RecipeUITests.xctest"; sourceTree = BUILT_PRODUCTS_DIR; };
		6F0B0C772642BB0700EF95F2 /* Core_Data_RecipeUITests.swift */ = {isa = PBXFileReference; lastKnownFileType = sourcecode.swift; path = Core_Data_RecipeUITests.swift; sourceTree = "<group>"; };
		6F0B0C792642BB0700EF95F2 /* Info.plist */ = {isa = PBXFileReference; lastKnownFileType = text.plist.xml; path = Info.plist; sourceTree = "<group>"; };
/* End PBXFileReference section */

/* Begin PBXFrameworksBuildPhase section */
		6F0B0C4F2642BB0200EF95F2 /* Frameworks */ = {
			isa = PBXFrameworksBuildPhase;
			buildActionMask = 2147483647;
			files = (
			);
			runOnlyForDeploymentPostprocessing = 0;
		};
		6F0B0C652642BB0600EF95F2 /* Frameworks */ = {
			isa = PBXFrameworksBuildPhase;
			buildActionMask = 2147483647;
			files = (
			);
			runOnlyForDeploymentPostprocessing = 0;
		};
		6F0B0C702642BB0700EF95F2 /* Frameworks */ = {
			isa = PBXFrameworksBuildPhase;
			buildActionMask = 2147483647;
			files = (
			);
			runOnlyForDeploymentPostprocessing = 0;
		};
/* End PBXFrameworksBuildPhase section */

/* Begin PBXGroup section */
		6F0B0C492642BB0200EF95F2 = {
			isa = PBXGroup;
			children = (
				6F0B0C542642BB0200EF95F2 /* Core Data Recipe */,
				6F0B0C6B2642BB0600EF95F2 /* Core Data RecipeTests */,
				6F0B0C762642BB0700EF95F2 /* Core Data RecipeUITests */,
				6F0B0C532642BB0200EF95F2 /* Products */,
			);
			sourceTree = "<group>";
		};
		6F0B0C532642BB0200EF95F2 /* Products */ = {
			isa = PBXGroup;
			children = (
				6F0B0C522642BB0200EF95F2 /* Core Data Recipe.app */,
				6F0B0C682642BB0600EF95F2 /* Core Data RecipeTests.xctest */,
				6F0B0C732642BB0700EF95F2 /* Core Data RecipeUITests.xctest */,
			);
			name = Products;
			sourceTree = "<group>";
		};
		6F0B0C542642BB0200EF95F2 /* Core Data Recipe */ = {
			isa = PBXGroup;
			children = (
				6F0B0C552642BB0200EF95F2 /* Core_Data_RecipeApp.swift */,
				6F0B0C572642BB0200EF95F2 /* ContentView.swift */,
				6F0B0C592642BB0600EF95F2 /* Assets.xcassets */,
				6F0B0C5E2642BB0600EF95F2 /* Persistence.swift */,
				6F0B0C632642BB0600EF95F2 /* Info.plist */,
				6F0B0C602642BB0600EF95F2 /* Core_Data_Recipe.xcdatamodeld */,
				6F0B0C5B2642BB0600EF95F2 /* Preview Content */,
			);
			path = "Core Data Recipe";
			sourceTree = "<group>";
		};
		6F0B0C5B2642BB0600EF95F2 /* Preview Content */ = {
			isa = PBXGroup;
			children = (
				6F0B0C5C2642BB0600EF95F2 /* Preview Assets.xcassets */,
			);
			path = "Preview Content";
			sourceTree = "<group>";
		};
		6F0B0C6B2642BB0600EF95F2 /* Core Data RecipeTests */ = {
			isa = PBXGroup;
			children = (
				6F0B0C6C2642BB0600EF95F2 /* Core_Data_RecipeTests.swift */,
				6F0B0C6E2642BB0600EF95F2 /* Info.plist */,
			);
			path = "Core Data RecipeTests";
			sourceTree = "<group>";
		};
		6F0B0C762642BB0700EF95F2 /* Core Data RecipeUITests */ = {
			isa = PBXGroup;
			children = (
				6F0B0C772642BB0700EF95F2 /* Core_Data_RecipeUITests.swift */,
				6F0B0C792642BB0700EF95F2 /* Info.plist */,
			);
			path = "Core Data RecipeUITests";
			sourceTree = "<group>";
		};
/* End PBXGroup section */

/* Begin PBXNativeTarget section */
		6F0B0C512642BB0200EF95F2 /* Core Data Recipe */ = {
			isa = PBXNativeTarget;
			buildConfigurationList = 6F0B0C7C2642BB0700EF95F2 /* Build configuration list for PBXNativeTarget "Core Data Recipe" */;
			buildPhases = (
				6F0B0C4E2642BB0200EF95F2 /* Sources */,
				6F0B0C4F2642BB0200EF95F2 /* Frameworks */,
				6F0B0C502642BB0200EF95F2 /* Resources */,
			);
			buildRules = (
			);
			dependencies = (
			);
			name = "Core Data Recipe";
			productName = "Core Data Recipe";
			productReference = 6F0B0C522642BB0200EF95F2 /* Core Data Recipe.app */;
			productType = "com.apple.product-type.application";
		};
		6F0B0C672642BB0600EF95F2 /* Core Data RecipeTests */ = {
			isa = PBXNativeTarget;
			buildConfigurationList = 6F0B0C7F2642BB0700EF95F2 /* Build configuration list for PBXNativeTarget "Core Data RecipeTests" */;
			buildPhases = (
				6F0B0C642642BB0600EF95F2 /* Sources */,
				6F0B0C652642BB0600EF95F2 /* Frameworks */,
				6F0B0C662642BB0600EF95F2 /* Resources */,
			);
			buildRules = (
			);
			dependencies = (
				6F0B0C6A2642BB0600EF95F2 /* PBXTargetDependency */,
			);
			name = "Core Data RecipeTests";
			productName = "Core Data RecipeTests";
			productReference = 6F0B0C682642BB0600EF95F2 /* Core Data RecipeTests.xctest */;
			productType = "com.apple.product-type.bundle.unit-test";
		};
		6F0B0C722642BB0700EF95F2 /* Core Data RecipeUITests */ = {
			isa = PBXNativeTarget;
			buildConfigurationList = 6F0B0C822642BB0700EF95F2 /* Build configuration list for PBXNativeTarget "Core Data RecipeUITests" */;
			buildPhases = (
				6F0B0C6F2642BB0700EF95F2 /* Sources */,
				6F0B0C702642BB0700EF95F2 /* Frameworks */,
				6F0B0C712642BB0700EF95F2 /* Resources */,
			);
			buildRules = (
			);
			dependencies = (
				6F0B0C752642BB0700EF95F2 /* PBXTargetDependency */,
			);
			name = "Core Data RecipeUITests";
			productName = "Core Data RecipeUITests";
			productReference = 6F0B0C732642BB0700EF95F2 /* Core Data RecipeUITests.xctest */;
			productType = "com.apple.product-type.bundle.ui-testing";
		};
/* End PBXNativeTarget section */

/* Begin PBXProject section */
		6F0B0C4A2642BB0200EF95F2 /* Project object */ = {
			isa = PBXProject;
			attributes = {
				LastSwiftUpdateCheck = 1250;
				LastUpgradeCheck = 1250;
				TargetAttributes = {
					6F0B0C512642BB0200EF95F2 = {
						CreatedOnToolsVersion = 12.5;
					};
					6F0B0C672642BB0600EF95F2 = {
						CreatedOnToolsVersion = 12.5;
						TestTargetID = 6F0B0C512642BB0200EF95F2;
					};
					6F0B0C722642BB0700EF95F2 = {
						CreatedOnToolsVersion = 12.5;
						TestTargetID = 6F0B0C512642BB0200EF95F2;
					};
				};
			};
			buildConfigurationList = 6F0B0C4D2642BB0200EF95F2 /* Build configuration list for PBXProject "Core Data Recipe" */;
			compatibilityVersion = "Xcode 9.3";
			developmentRegion = en;
			hasScannedForEncodings = 0;
			knownRegions = (
				en,
				Base,
			);
			mainGroup = 6F0B0C492642BB0200EF95F2;
			productRefGroup = 6F0B0C532642BB0200EF95F2 /* Products */;
			projectDirPath = "";
			projectRoot = "";
			targets = (
				6F0B0C512642BB0200EF95F2 /* Core Data Recipe */,
				6F0B0C672642BB0600EF95F2 /* Core Data RecipeTests */,
				6F0B0C722642BB0700EF95F2 /* Core Data RecipeUITests */,
			);
		};
/* End PBXProject section */

/* Begin PBXResourcesBuildPhase section */
		6F0B0C502642BB0200EF95F2 /* Resources */ = {
			isa = PBXResourcesBuildPhase;
			buildActionMask = 2147483647;
			files = (
				6F0B0C5D2642BB0600EF95F2 /* Preview Assets.xcassets in Resources */,
				6F0B0C5A2642BB0600EF95F2 /* Assets.xcassets in Resources */,
			);
			runOnlyForDeploymentPostprocessing = 0;
		};
		6F0B0C662642BB0600EF95F2 /* Resources */ = {
			isa = PBXResourcesBuildPhase;
			buildActionMask = 2147483647;
			files = (
			);
			runOnlyForDeploymentPostprocessing = 0;
		};
		6F0B0C712642BB0700EF95F2 /* Resources */ = {
			isa = PBXResourcesBuildPhase;
			buildActionMask = 2147483647;
			files = (
			);
			runOnlyForDeploymentPostprocessing = 0;
		};
/* End PBXResourcesBuildPhase section */

/* Begin PBXSourcesBuildPhase section */
		6F0B0C4E2642BB0200EF95F2 /* Sources */ = {
			isa = PBXSourcesBuildPhase;
			buildActionMask = 2147483647;
			files = (
				6F0B0C5F2642BB0600EF95F2 /* Persistence.swift in Sources */,
				6F0B0C582642BB0200EF95F2 /* ContentView.swift in Sources */,
				6F0B0C622642BB0600EF95F2 /* Core_Data_Recipe.xcdatamodeld in Sources */,
				6F0B0C562642BB0200EF95F2 /* Core_Data_RecipeApp.swift in Sources */,
			);
			runOnlyForDeploymentPostprocessing = 0;
		};
		6F0B0C642642BB0600EF95F2 /* Sources */ = {
			isa = PBXSourcesBuildPhase;
			buildActionMask = 2147483647;
			files = (
				6F0B0C6D2642BB0600EF95F2 /* Core_Data_RecipeTests.swift in Sources */,
			);
			runOnlyForDeploymentPostprocessing = 0;
		};
		6F0B0C6F2642BB0700EF95F2 /* Sources */ = {
			isa = PBXSourcesBuildPhase;
			buildActionMask = 2147483647;
			files = (
				6F0B0C782642BB0700EF95F2 /* Core_Data_RecipeUITests.swift in Sources */,
			);
			runOnlyForDeploymentPostprocessing = 0;
		};
/* End PBXSourcesBuildPhase section */

/* Begin PBXTargetDependency section */
		6F0B0C6A2642BB0600EF95F2 /* PBXTargetDependency */ = {
			isa = PBXTargetDependency;
			target = 6F0B0C512642BB0200EF95F2 /* Core Data Recipe */;
			targetProxy = 6F0B0C692642BB0600EF95F2 /* PBXContainerItemProxy */;
		};
		6F0B0C752642BB0700EF95F2 /* PBXTargetDependency */ = {
			isa = PBXTargetDependency;
			target = 6F0B0C512642BB0200EF95F2 /* Core Data Recipe */;
			targetProxy = 6F0B0C742642BB0700EF95F2 /* PBXContainerItemProxy */;
		};
/* End PBXTargetDependency section */

/* Begin XCBuildConfiguration section */
		6F0B0C7A2642BB0700EF95F2 /* Debug */ = {
			isa = XCBuildConfiguration;
			buildSettings = {
				ALWAYS_SEARCH_USER_PATHS = NO;
				CLANG_ANALYZER_NONNULL = YES;
				CLANG_ANALYZER_NUMBER_OBJECT_CONVERSION = YES_AGGRESSIVE;
				CLANG_CXX_LANGUAGE_STANDARD = "gnu++14";
				CLANG_CXX_LIBRARY = "libc++";
				CLANG_ENABLE_MODULES = YES;
				CLANG_ENABLE_OBJC_ARC = YES;
				CLANG_ENABLE_OBJC_WEAK = YES;
				CLANG_WARN_BLOCK_CAPTURE_AUTORELEASING = YES;
				CLANG_WARN_BOOL_CONVERSION = YES;
				CLANG_WARN_COMMA = YES;
				CLANG_WARN_CONSTANT_CONVERSION = YES;
				CLANG_WARN_DEPRECATED_OBJC_IMPLEMENTATIONS = YES;
				CLANG_WARN_DIRECT_OBJC_ISA_USAGE = YES_ERROR;
				CLANG_WARN_DOCUMENTATION_COMMENTS = YES;
				CLANG_WARN_EMPTY_BODY = YES;
				CLANG_WARN_ENUM_CONVERSION = YES;
				CLANG_WARN_INFINITE_RECURSION = YES;
				CLANG_WARN_INT_CONVERSION = YES;
				CLANG_WARN_NON_LITERAL_NULL_CONVERSION = YES;
				CLANG_WARN_OBJC_IMPLICIT_RETAIN_SELF = YES;
				CLANG_WARN_OBJC_LITERAL_CONVERSION = YES;
				CLANG_WARN_OBJC_ROOT_CLASS = YES_ERROR;
				CLANG_WARN_QUOTED_INCLUDE_IN_FRAMEWORK_HEADER = YES;
				CLANG_WARN_RANGE_LOOP_ANALYSIS = YES;
				CLANG_WARN_STRICT_PROTOTYPES = YES;
				CLANG_WARN_SUSPICIOUS_MOVE = YES;
				CLANG_WARN_UNGUARDED_AVAILABILITY = YES_AGGRESSIVE;
				CLANG_WARN_UNREACHABLE_CODE = YES;
				CLANG_WARN__DUPLICATE_METHOD_MATCH = YES;
				COPY_PHASE_STRIP = NO;
				DEBUG_INFORMATION_FORMAT = dwarf;
				ENABLE_STRICT_OBJC_MSGSEND = YES;
				ENABLE_TESTABILITY = YES;
				GCC_C_LANGUAGE_STANDARD = gnu11;
				GCC_DYNAMIC_NO_PIC = NO;
				GCC_NO_COMMON_BLOCKS = YES;
				GCC_OPTIMIZATION_LEVEL = 0;
				GCC_PREPROCESSOR_DEFINITIONS = (
					"DEBUG=1",
					"$(inherited)",
				);
				GCC_WARN_64_TO_32_BIT_CONVERSION = YES;
				GCC_WARN_ABOUT_RETURN_TYPE = YES_ERROR;
				GCC_WARN_UNDECLARED_SELECTOR = YES;
				GCC_WARN_UNINITIALIZED_AUTOS = YES_AGGRESSIVE;
				GCC_WARN_UNUSED_FUNCTION = YES;
				GCC_WARN_UNUSED_VARIABLE = YES;
				IPHONEOS_DEPLOYMENT_TARGET = 14.5;
				MTL_ENABLE_DEBUG_INFO = INCLUDE_SOURCE;
				MTL_FAST_MATH = YES;
				ONLY_ACTIVE_ARCH = YES;
				SDKROOT = iphoneos;
				SWIFT_ACTIVE_COMPILATION_CONDITIONS = DEBUG;
				SWIFT_OPTIMIZATION_LEVEL = "-Onone";
			};
			name = Debug;
		};
		6F0B0C7B2642BB0700EF95F2 /* Release */ = {
			isa = XCBuildConfiguration;
			buildSettings = {
				ALWAYS_SEARCH_USER_PATHS = NO;
				CLANG_ANALYZER_NONNULL = YES;
				CLANG_ANALYZER_NUMBER_OBJECT_CONVERSION = YES_AGGRESSIVE;
				CLANG_CXX_LANGUAGE_STANDARD = "gnu++14";
				CLANG_CXX_LIBRARY = "libc++";
				CLANG_ENABLE_MODULES = YES;
				CLANG_ENABLE_OBJC_ARC = YES;
				CLANG_ENABLE_OBJC_WEAK = YES;
				CLANG_WARN_BLOCK_CAPTURE_AUTORELEASING = YES;
				CLANG_WARN_BOOL_CONVERSION = YES;
				CLANG_WARN_COMMA = YES;
				CLANG_WARN_CONSTANT_CONVERSION = YES;
				CLANG_WARN_DEPRECATED_OBJC_IMPLEMENTATIONS = YES;
				CLANG_WARN_DIRECT_OBJC_ISA_USAGE = YES_ERROR;
				CLANG_WARN_DOCUMENTATION_COMMENTS = YES;
				CLANG_WARN_EMPTY_BODY = YES;
				CLANG_WARN_ENUM_CONVERSION = YES;
				CLANG_WARN_INFINITE_RECURSION = YES;
				CLANG_WARN_INT_CONVERSION = YES;
				CLANG_WARN_NON_LITERAL_NULL_CONVERSION = YES;
				CLANG_WARN_OBJC_IMPLICIT_RETAIN_SELF = YES;
				CLANG_WARN_OBJC_LITERAL_CONVERSION = YES;
				CLANG_WARN_OBJC_ROOT_CLASS = YES_ERROR;
				CLANG_WARN_QUOTED_INCLUDE_IN_FRAMEWORK_HEADER = YES;
				CLANG_WARN_RANGE_LOOP_ANALYSIS = YES;
				CLANG_WARN_STRICT_PROTOTYPES = YES;
				CLANG_WARN_SUSPICIOUS_MOVE = YES;
				CLANG_WARN_UNGUARDED_AVAILABILITY = YES_AGGRESSIVE;
				CLANG_WARN_UNREACHABLE_CODE = YES;
				CLANG_WARN__DUPLICATE_METHOD_MATCH = YES;
				COPY_PHASE_STRIP = NO;
				DEBUG_INFORMATION_FORMAT = "dwarf-with-dsym";
				ENABLE_NS_ASSERTIONS = NO;
				ENABLE_STRICT_OBJC_MSGSEND = YES;
				GCC_C_LANGUAGE_STANDARD = gnu11;
				GCC_NO_COMMON_BLOCKS = YES;
				GCC_WARN_64_TO_32_BIT_CONVERSION = YES;
				GCC_WARN_ABOUT_RETURN_TYPE = YES_ERROR;
				GCC_WARN_UNDECLARED_SELECTOR = YES;
				GCC_WARN_UNINITIALIZED_AUTOS = YES_AGGRESSIVE;
				GCC_WARN_UNUSED_FUNCTION = YES;
				GCC_WARN_UNUSED_VARIABLE = YES;
				IPHONEOS_DEPLOYMENT_TARGET = 14.5;
				MTL_ENABLE_DEBUG_INFO = NO;
				MTL_FAST_MATH = YES;
				SDKROOT = iphoneos;
				SWIFT_COMPILATION_MODE = wholemodule;
				SWIFT_OPTIMIZATION_LEVEL = "-O";
				VALIDATE_PRODUCT = YES;
			};
			name = Release;
		};
		6F0B0C7D2642BB0700EF95F2 /* Debug */ = {
			isa = XCBuildConfiguration;
			buildSettings = {
				ASSETCATALOG_COMPILER_APPICON_NAME = AppIcon;
				ASSETCATALOG_COMPILER_GLOBAL_ACCENT_COLOR_NAME = AccentColor;
				CODE_SIGN_STYLE = Automatic;
				DEVELOPMENT_ASSET_PATHS = "\"Core Data Recipe/Preview Content\"";
				DEVELOPMENT_TEAM = YKW4K6F98F;
				ENABLE_PREVIEWS = YES;
				INFOPLIST_FILE = "Core Data Recipe/Info.plist";
				IPHONEOS_DEPLOYMENT_TARGET = 14.0;
				LD_RUNPATH_SEARCH_PATHS = (
					"$(inherited)",
					"@executable_path/Frameworks",
				);
				PRODUCT_BUNDLE_IDENTIFIER = "de.hshl.isd.Core-Data-Recipe";
				PRODUCT_NAME = "$(TARGET_NAME)";
				SWIFT_VERSION = 5.0;
				TARGETED_DEVICE_FAMILY = "1,2";
			};
			name = Debug;
		};
		6F0B0C7E2642BB0700EF95F2 /* Release */ = {
			isa = XCBuildConfiguration;
			buildSettings = {
				ASSETCATALOG_COMPILER_APPICON_NAME = AppIcon;
				ASSETCATALOG_COMPILER_GLOBAL_ACCENT_COLOR_NAME = AccentColor;
				CODE_SIGN_STYLE = Automatic;
				DEVELOPMENT_ASSET_PATHS = "\"Core Data Recipe/Preview Content\"";
				DEVELOPMENT_TEAM = YKW4K6F98F;
				ENABLE_PREVIEWS = YES;
				INFOPLIST_FILE = "Core Data Recipe/Info.plist";
				IPHONEOS_DEPLOYMENT_TARGET = 14.0;
				LD_RUNPATH_SEARCH_PATHS = (
					"$(inherited)",
					"@executable_path/Frameworks",
				);
				PRODUCT_BUNDLE_IDENTIFIER = "de.hshl.isd.Core-Data-Recipe";
				PRODUCT_NAME = "$(TARGET_NAME)";
				SWIFT_VERSION = 5.0;
				TARGETED_DEVICE_FAMILY = "1,2";
			};
			name = Release;
		};
		6F0B0C802642BB0700EF95F2 /* Debug */ = {
			isa = XCBuildConfiguration;
			buildSettings = {
				ALWAYS_EMBED_SWIFT_STANDARD_LIBRARIES = YES;
				BUNDLE_LOADER = "$(TEST_HOST)";
				CODE_SIGN_STYLE = Automatic;
				DEVELOPMENT_TEAM = YKW4K6F98F;
				INFOPLIST_FILE = "Core Data RecipeTests/Info.plist";
				IPHONEOS_DEPLOYMENT_TARGET = 14.0;
				LD_RUNPATH_SEARCH_PATHS = (
					"$(inherited)",
					"@executable_path/Frameworks",
					"@loader_path/Frameworks",
				);
				PRODUCT_BUNDLE_IDENTIFIER = "de.hshl.isd.Core-Data-RecipeTests";
				PRODUCT_NAME = "$(TARGET_NAME)";
				SWIFT_VERSION = 5.0;
				TARGETED_DEVICE_FAMILY = "1,2";
				TEST_HOST = "$(BUILT_PRODUCTS_DIR)/Core Data Recipe.app/Core Data Recipe";
			};
			name = Debug;
		};
		6F0B0C812642BB0700EF95F2 /* Release */ = {
			isa = XCBuildConfiguration;
			buildSettings = {
				ALWAYS_EMBED_SWIFT_STANDARD_LIBRARIES = YES;
				BUNDLE_LOADER = "$(TEST_HOST)";
				CODE_SIGN_STYLE = Automatic;
				DEVELOPMENT_TEAM = YKW4K6F98F;
				INFOPLIST_FILE = "Core Data RecipeTests/Info.plist";
				IPHONEOS_DEPLOYMENT_TARGET = 14.0;
				LD_RUNPATH_SEARCH_PATHS = (
					"$(inherited)",
					"@executable_path/Frameworks",
					"@loader_path/Frameworks",
				);
				PRODUCT_BUNDLE_IDENTIFIER = "de.hshl.isd.Core-Data-RecipeTests";
				PRODUCT_NAME = "$(TARGET_NAME)";
				SWIFT_VERSION = 5.0;
				TARGETED_DEVICE_FAMILY = "1,2";
				TEST_HOST = "$(BUILT_PRODUCTS_DIR)/Core Data Recipe.app/Core Data Recipe";
			};
			name = Release;
		};
		6F0B0C832642BB0700EF95F2 /* Debug */ = {
			isa = XCBuildConfiguration;
			buildSettings = {
				ALWAYS_EMBED_SWIFT_STANDARD_LIBRARIES = YES;
				CODE_SIGN_STYLE = Automatic;
				DEVELOPMENT_TEAM = YKW4K6F98F;
				INFOPLIST_FILE = "Core Data RecipeUITests/Info.plist";
				LD_RUNPATH_SEARCH_PATHS = (
					"$(inherited)",
					"@executable_path/Frameworks",
					"@loader_path/Frameworks",
				);
				PRODUCT_BUNDLE_IDENTIFIER = "de.hshl.isd.Core-Data-RecipeUITests";
				PRODUCT_NAME = "$(TARGET_NAME)";
				SWIFT_VERSION = 5.0;
				TARGETED_DEVICE_FAMILY = "1,2";
				TEST_TARGET_NAME = "Core Data Recipe";
			};
			name = Debug;
		};
		6F0B0C842642BB0700EF95F2 /* Release */ = {
			isa = XCBuildConfiguration;
			buildSettings = {
				ALWAYS_EMBED_SWIFT_STANDARD_LIBRARIES = YES;
				CODE_SIGN_STYLE = Automatic;
				DEVELOPMENT_TEAM = YKW4K6F98F;
				INFOPLIST_FILE = "Core Data RecipeUITests/Info.plist";
				LD_RUNPATH_SEARCH_PATHS = (
					"$(inherited)",
					"@executable_path/Frameworks",
					"@loader_path/Frameworks",
				);
				PRODUCT_BUNDLE_IDENTIFIER = "de.hshl.isd.Core-Data-RecipeUITests";
				PRODUCT_NAME = "$(TARGET_NAME)";
				SWIFT_VERSION = 5.0;
				TARGETED_DEVICE_FAMILY = "1,2";
				TEST_TARGET_NAME = "Core Data Recipe";
			};
			name = Release;
		};
/* End XCBuildConfiguration section */

/* Begin XCConfigurationList section */
		6F0B0C4D2642BB0200EF95F2 /* Build configuration list for PBXProject "Core Data Recipe" */ = {
			isa = XCConfigurationList;
			buildConfigurations = (
				6F0B0C7A2642BB0700EF95F2 /* Debug */,
				6F0B0C7B2642BB0700EF95F2 /* Release */,
			);
			defaultConfigurationIsVisible = 0;
			defaultConfigurationName = Release;
		};
		6F0B0C7C2642BB0700EF95F2 /* Build configuration list for PBXNativeTarget "Core Data Recipe" */ = {
			isa = XCConfigurationList;
			buildConfigurations = (
				6F0B0C7D2642BB0700EF95F2 /* Debug */,
				6F0B0C7E2642BB0700EF95F2 /* Release */,
			);
			defaultConfigurationIsVisible = 0;
			defaultConfigurationName = Release;
		};
		6F0B0C7F2642BB0700EF95F2 /* Build configuration list for PBXNativeTarget "Core Data RecipeTests" */ = {
			isa = XCConfigurationList;
			buildConfigurations = (
				6F0B0C802642BB0700EF95F2 /* Debug */,
				6F0B0C812642BB0700EF95F2 /* Release */,
			);
			defaultConfigurationIsVisible = 0;
			defaultConfigurationName = Release;
		};
		6F0B0C822642BB0700EF95F2 /* Build configuration list for PBXNativeTarget "Core Data RecipeUITests" */ = {
			isa = XCConfigurationList;
			buildConfigurations = (
				6F0B0C832642BB0700EF95F2 /* Debug */,
				6F0B0C842642BB0700EF95F2 /* Release */,
			);
			defaultConfigurationIsVisible = 0;
			defaultConfigurationName = Release;
		};
/* End XCConfigurationList section */

/* Begin XCVersionGroup section */
		6F0B0C602642BB0600EF95F2 /* Core_Data_Recipe.xcdatamodeld */ = {
			isa = XCVersionGroup;
			children = (
				6F0B0C612642BB0600EF95F2 /* Core_Data_Recipe.xcdatamodel */,
			);
			currentVersion = 6F0B0C612642BB0600EF95F2 /* Core_Data_Recipe.xcdatamodel */;
			path = Core_Data_Recipe.xcdatamodeld;
			sourceTree = "<group>";
			versionGroupType = wrapper.xcdatamodel;
		};
/* End XCVersionGroup section */
	};
	rootObject = 6F0B0C4A2642BB0200EF95F2 /* Project object */;
}
