// !$*UTF8*$!
{
	archiveVersion = 1;
	classes = {
	};
	objectVersion = 52;
	objects = {

/* Begin PBXBuildFile section */
		6FDDD88F24F949430009A0C4 /* AppDelegate.swift in Sources */ = {isa = PBXBuildFile; fileRef = 6FDDD88E24F949430009A0C4 /* AppDelegate.swift */; };
		6FDDD89124F949430009A0C4 /* SceneDelegate.swift in Sources */ = {isa = PBXBuildFile; fileRef = 6FDDD89024F949430009A0C4 /* SceneDelegate.swift */; };
		6FDDD89324F949430009A0C4 /* ContentView.swift in Sources */ = {isa = PBXBuildFile; fileRef = 6FDDD89224F949430009A0C4 /* ContentView.swift */; };
		6FDDD89524F949450009A0C4 /* Assets.xcassets in Resources */ = {isa = PBXBuildFile; fileRef = 6FDDD89424F949450009A0C4 /* Assets.xcassets */; };
		6FDDD89824F949450009A0C4 /* Preview Assets.xcassets in Resources */ = {isa = PBXBuildFile; fileRef = 6FDDD89724F949450009A0C4 /* Preview Assets.xcassets */; };
		6FDDD89B24F949450009A0C4 /* LaunchScreen.storyboard in Resources */ = {isa = PBXBuildFile; fileRef = 6FDDD89924F949450009A0C4 /* LaunchScreen.storyboard */; };
		6FDDD8A624F949450009A0C4 /* UltimateAnswerTests.swift in Sources */ = {isa = PBXBuildFile; fileRef = 6FDDD8A524F949450009A0C4 /* UltimateAnswerTests.swift */; };
		6FDDD8B124F949460009A0C4 /* UltimateAnswerUITests.swift in Sources */ = {isa = PBXBuildFile; fileRef = 6FDDD8B024F949460009A0C4 /* UltimateAnswerUITests.swift */; };
		6FDDD8C024F94C200009A0C4 /* UltimateAnswerCore in Frameworks */ = {isa = PBXBuildFile; productRef = 6FDDD8BF24F94C200009A0C4 /* UltimateAnswerCore */; };
		6FDDD8C224F94C250009A0C4 /* UltimateAnswerInfrastructure in Frameworks */ = {isa = PBXBuildFile; productRef = 6FDDD8C124F94C250009A0C4 /* UltimateAnswerInfrastructure */; };
		6FDDD8C424F94C310009A0C4 /* UltimateAnswerCommon in Frameworks */ = {isa = PBXBuildFile; productRef = 6FDDD8C324F94C310009A0C4 /* UltimateAnswerCommon */; };
/* End PBXBuildFile section */

/* Begin PBXContainerItemProxy section */
		6FDDD8A224F949450009A0C4 /* PBXContainerItemProxy */ = {
			isa = PBXContainerItemProxy;
			containerPortal = 6FDDD88324F949430009A0C4 /* Project object */;
			proxyType = 1;
			remoteGlobalIDString = 6FDDD88A24F949430009A0C4;
			remoteInfo = UltimateAnswer;
		};
		6FDDD8AD24F949460009A0C4 /* PBXContainerItemProxy */ = {
			isa = PBXContainerItemProxy;
			containerPortal = 6FDDD88324F949430009A0C4 /* Project object */;
			proxyType = 1;
			remoteGlobalIDString = 6FDDD88A24F949430009A0C4;
			remoteInfo = UltimateAnswer;
		};
/* End PBXContainerItemProxy section */

/* Begin PBXFileReference section */
		6FDDD88B24F949430009A0C4 /* UltimateAnswer.app */ = {isa = PBXFileReference; explicitFileType = wrapper.application; includeInIndex = 0; path = UltimateAnswer.app; sourceTree = BUILT_PRODUCTS_DIR; };
		6FDDD88E24F949430009A0C4 /* AppDelegate.swift */ = {isa = PBXFileReference; lastKnownFileType = sourcecode.swift; path = AppDelegate.swift; sourceTree = "<group>"; };
		6FDDD89024F949430009A0C4 /* SceneDelegate.swift */ = {isa = PBXFileReference; lastKnownFileType = sourcecode.swift; path = SceneDelegate.swift; sourceTree = "<group>"; };
		6FDDD89224F949430009A0C4 /* ContentView.swift */ = {isa = PBXFileReference; lastKnownFileType = sourcecode.swift; path = ContentView.swift; sourceTree = "<group>"; };
		6FDDD89424F949450009A0C4 /* Assets.xcassets */ = {isa = PBXFileReference; lastKnownFileType = folder.assetcatalog; path = Assets.xcassets; sourceTree = "<group>"; };
		6FDDD89724F949450009A0C4 /* Preview Assets.xcassets */ = {isa = PBXFileReference; lastKnownFileType = folder.assetcatalog; path = "Preview Assets.xcassets"; sourceTree = "<group>"; };
		6FDDD89A24F949450009A0C4 /* Base */ = {isa = PBXFileReference; lastKnownFileType = file.storyboard; name = Base; path = Base.lproj/LaunchScreen.storyboard; sourceTree = "<group>"; };
		6FDDD89C24F949450009A0C4 /* Info.plist */ = {isa = PBXFileReference; lastKnownFileType = text.plist.xml; path = Info.plist; sourceTree = "<group>"; };
		6FDDD8A124F949450009A0C4 /* UltimateAnswerTests.xctest */ = {isa = PBXFileReference; explicitFileType = wrapper.cfbundle; includeInIndex = 0; path = UltimateAnswerTests.xctest; sourceTree = BUILT_PRODUCTS_DIR; };
		6FDDD8A524F949450009A0C4 /* UltimateAnswerTests.swift */ = {isa = PBXFileReference; lastKnownFileType = sourcecode.swift; path = UltimateAnswerTests.swift; sourceTree = "<group>"; };
		6FDDD8A724F949450009A0C4 /* Info.plist */ = {isa = PBXFileReference; lastKnownFileType = text.plist.xml; path = Info.plist; sourceTree = "<group>"; };
		6FDDD8AC24F949460009A0C4 /* UltimateAnswerUITests.xctest */ = {isa = PBXFileReference; explicitFileType = wrapper.cfbundle; includeInIndex = 0; path = UltimateAnswerUITests.xctest; sourceTree = BUILT_PRODUCTS_DIR; };
		6FDDD8B024F949460009A0C4 /* UltimateAnswerUITests.swift */ = {isa = PBXFileReference; lastKnownFileType = sourcecode.swift; path = UltimateAnswerUITests.swift; sourceTree = "<group>"; };
		6FDDD8B224F949460009A0C4 /* Info.plist */ = {isa = PBXFileReference; lastKnownFileType = text.plist.xml; path = Info.plist; sourceTree = "<group>"; };
/* End PBXFileReference section */

/* Begin PBXFrameworksBuildPhase section */
		6FDDD88824F949430009A0C4 /* Frameworks */ = {
			isa = PBXFrameworksBuildPhase;
			buildActionMask = 2147483647;
			files = (
				6FDDD8C424F94C310009A0C4 /* UltimateAnswerCommon in Frameworks */,
				6FDDD8C224F94C250009A0C4 /* UltimateAnswerInfrastructure in Frameworks */,
				6FDDD8C024F94C200009A0C4 /* UltimateAnswerCore in Frameworks */,
			);
			runOnlyForDeploymentPostprocessing = 0;
		};
		6FDDD89E24F949450009A0C4 /* Frameworks */ = {
			isa = PBXFrameworksBuildPhase;
			buildActionMask = 2147483647;
			files = (
			);
			runOnlyForDeploymentPostprocessing = 0;
		};
		6FDDD8A924F949460009A0C4 /* Frameworks */ = {
			isa = PBXFrameworksBuildPhase;
			buildActionMask = 2147483647;
			files = (
			);
			runOnlyForDeploymentPostprocessing = 0;
		};
/* End PBXFrameworksBuildPhase section */

/* Begin PBXGroup section */
		6FDDD88224F949430009A0C4 = {
			isa = PBXGroup;
			children = (
				6FDDD88D24F949430009A0C4 /* UltimateAnswer */,
				6FDDD8A424F949450009A0C4 /* UltimateAnswerTests */,
				6FDDD8AF24F949460009A0C4 /* UltimateAnswerUITests */,
				6FDDD88C24F949430009A0C4 /* Products */,
				6FDDD8BE24F94C200009A0C4 /* Frameworks */,
			);
			sourceTree = "<group>";
		};
		6FDDD88C24F949430009A0C4 /* Products */ = {
			isa = PBXGroup;
			children = (
				6FDDD88B24F949430009A0C4 /* UltimateAnswer.app */,
				6FDDD8A124F949450009A0C4 /* UltimateAnswerTests.xctest */,
				6FDDD8AC24F949460009A0C4 /* UltimateAnswerUITests.xctest */,
			);
			name = Products;
			sourceTree = "<group>";
		};
		6FDDD88D24F949430009A0C4 /* UltimateAnswer */ = {
			isa = PBXGroup;
			children = (
				6FDDD88E24F949430009A0C4 /* AppDelegate.swift */,
				6FDDD89024F949430009A0C4 /* SceneDelegate.swift */,
				6FDDD89224F949430009A0C4 /* ContentView.swift */,
				6FDDD89424F949450009A0C4 /* Assets.xcassets */,
				6FDDD89924F949450009A0C4 /* LaunchScreen.storyboard */,
				6FDDD89C24F949450009A0C4 /* Info.plist */,
				6FDDD89624F949450009A0C4 /* Preview Content */,
			);
			path = UltimateAnswer;
			sourceTree = "<group>";
		};
		6FDDD89624F949450009A0C4 /* Preview Content */ = {
			isa = PBXGroup;
			children = (
				6FDDD89724F949450009A0C4 /* Preview Assets.xcassets */,
			);
			path = "Preview Content";
			sourceTree = "<group>";
		};
		6FDDD8A424F949450009A0C4 /* UltimateAnswerTests */ = {
			isa = PBXGroup;
			children = (
				6FDDD8A524F949450009A0C4 /* UltimateAnswerTests.swift */,
				6FDDD8A724F949450009A0C4 /* Info.plist */,
			);
			path = UltimateAnswerTests;
			sourceTree = "<group>";
		};
		6FDDD8AF24F949460009A0C4 /* UltimateAnswerUITests */ = {
			isa = PBXGroup;
			children = (
				6FDDD8B024F949460009A0C4 /* UltimateAnswerUITests.swift */,
				6FDDD8B224F949460009A0C4 /* Info.plist */,
			);
			path = UltimateAnswerUITests;
			sourceTree = "<group>";
		};
		6FDDD8BE24F94C200009A0C4 /* Frameworks */ = {
			isa = PBXGroup;
			children = (
			);
			name = Frameworks;
			sourceTree = "<group>";
		};
/* End PBXGroup section */

/* Begin PBXNativeTarget section */
		6FDDD88A24F949430009A0C4 /* UltimateAnswer */ = {
			isa = PBXNativeTarget;
			buildConfigurationList = 6FDDD8B524F949460009A0C4 /* Build configuration list for PBXNativeTarget "UltimateAnswer" */;
			buildPhases = (
				6FDDD88724F949430009A0C4 /* Sources */,
				6FDDD88824F949430009A0C4 /* Frameworks */,
				6FDDD88924F949430009A0C4 /* Resources */,
			);
			buildRules = (
			);
			dependencies = (
			);
			name = UltimateAnswer;
			packageProductDependencies = (
				6FDDD8BF24F94C200009A0C4 /* UltimateAnswerCore */,
				6FDDD8C124F94C250009A0C4 /* UltimateAnswerInfrastructure */,
				6FDDD8C324F94C310009A0C4 /* UltimateAnswerCommon */,
			);
			productName = UltimateAnswer;
			productReference = 6FDDD88B24F949430009A0C4 /* UltimateAnswer.app */;
			productType = "com.apple.product-type.application";
		};
		6FDDD8A024F949450009A0C4 /* UltimateAnswerTests */ = {
			isa = PBXNativeTarget;
			buildConfigurationList = 6FDDD8B824F949460009A0C4 /* Build configuration list for PBXNativeTarget "UltimateAnswerTests" */;
			buildPhases = (
				6FDDD89D24F949450009A0C4 /* Sources */,
				6FDDD89E24F949450009A0C4 /* Frameworks */,
				6FDDD89F24F949450009A0C4 /* Resources */,
			);
			buildRules = (
			);
			dependencies = (
				6FDDD8A324F949450009A0C4 /* PBXTargetDependency */,
			);
			name = UltimateAnswerTests;
			productName = UltimateAnswerTests;
			productReference = 6FDDD8A124F949450009A0C4 /* UltimateAnswerTests.xctest */;
			productType = "com.apple.product-type.bundle.unit-test";
		};
		6FDDD8AB24F949460009A0C4 /* UltimateAnswerUITests */ = {
			isa = PBXNativeTarget;
			buildConfigurationList = 6FDDD8BB24F949460009A0C4 /* Build configuration list for PBXNativeTarget "UltimateAnswerUITests" */;
			buildPhases = (
				6FDDD8A824F949460009A0C4 /* Sources */,
				6FDDD8A924F949460009A0C4 /* Frameworks */,
				6FDDD8AA24F949460009A0C4 /* Resources */,
			);
			buildRules = (
			);
			dependencies = (
				6FDDD8AE24F949460009A0C4 /* PBXTargetDependency */,
			);
			name = UltimateAnswerUITests;
			productName = UltimateAnswerUITests;
			productReference = 6FDDD8AC24F949460009A0C4 /* UltimateAnswerUITests.xctest */;
			productType = "com.apple.product-type.bundle.ui-testing";
		};
/* End PBXNativeTarget section */

/* Begin PBXProject section */
		6FDDD88324F949430009A0C4 /* Project object */ = {
			isa = PBXProject;
			attributes = {
				LastSwiftUpdateCheck = 1160;
				LastUpgradeCheck = 1320;
				ORGANIZATIONNAME = "Hochschule Hamm-Lippstadt";
				TargetAttributes = {
					6FDDD88A24F949430009A0C4 = {
						CreatedOnToolsVersion = 11.6;
					};
					6FDDD8A024F949450009A0C4 = {
						CreatedOnToolsVersion = 11.6;
						TestTargetID = 6FDDD88A24F949430009A0C4;
					};
					6FDDD8AB24F949460009A0C4 = {
						CreatedOnToolsVersion = 11.6;
						TestTargetID = 6FDDD88A24F949430009A0C4;
					};
				};
			};
			buildConfigurationList = 6FDDD88624F949430009A0C4 /* Build configuration list for PBXProject "UltimateAnswer" */;
			compatibilityVersion = "Xcode 9.3";
			developmentRegion = en;
			hasScannedForEncodings = 0;
			knownRegions = (
				en,
				Base,
			);
			mainGroup = 6FDDD88224F949430009A0C4;
			productRefGroup = 6FDDD88C24F949430009A0C4 /* Products */;
			projectDirPath = "";
			projectRoot = "";
			targets = (
				6FDDD88A24F949430009A0C4 /* UltimateAnswer */,
				6FDDD8A024F949450009A0C4 /* UltimateAnswerTests */,
				6FDDD8AB24F949460009A0C4 /* UltimateAnswerUITests */,
			);
		};
/* End PBXProject section */

/* Begin PBXResourcesBuildPhase section */
		6FDDD88924F949430009A0C4 /* Resources */ = {
			isa = PBXResourcesBuildPhase;
			buildActionMask = 2147483647;
			files = (
				6FDDD89B24F949450009A0C4 /* LaunchScreen.storyboard in Resources */,
				6FDDD89824F949450009A0C4 /* Preview Assets.xcassets in Resources */,
				6FDDD89524F949450009A0C4 /* Assets.xcassets in Resources */,
			);
			runOnlyForDeploymentPostprocessing = 0;
		};
		6FDDD89F24F949450009A0C4 /* Resources */ = {
			isa = PBXResourcesBuildPhase;
			buildActionMask = 2147483647;
			files = (
			);
			runOnlyForDeploymentPostprocessing = 0;
		};
		6FDDD8AA24F949460009A0C4 /* Resources */ = {
			isa = PBXResourcesBuildPhase;
			buildActionMask = 2147483647;
			files = (
			);
			runOnlyForDeploymentPostprocessing = 0;
		};
/* End PBXResourcesBuildPhase section */

/* Begin PBXSourcesBuildPhase section */
		6FDDD88724F949430009A0C4 /* Sources */ = {
			isa = PBXSourcesBuildPhase;
			buildActionMask = 2147483647;
			files = (
				6FDDD88F24F949430009A0C4 /* AppDelegate.swift in Sources */,
				6FDDD89124F949430009A0C4 /* SceneDelegate.swift in Sources */,
				6FDDD89324F949430009A0C4 /* ContentView.swift in Sources */,
			);
			runOnlyForDeploymentPostprocessing = 0;
		};
		6FDDD89D24F949450009A0C4 /* Sources */ = {
			isa = PBXSourcesBuildPhase;
			buildActionMask = 2147483647;
			files = (
				6FDDD8A624F949450009A0C4 /* UltimateAnswerTests.swift in Sources */,
			);
			runOnlyForDeploymentPostprocessing = 0;
		};
		6FDDD8A824F949460009A0C4 /* Sources */ = {
			isa = PBXSourcesBuildPhase;
			buildActionMask = 2147483647;
			files = (
				6FDDD8B124F949460009A0C4 /* UltimateAnswerUITests.swift in Sources */,
			);
			runOnlyForDeploymentPostprocessing = 0;
		};
/* End PBXSourcesBuildPhase section */

/* Begin PBXTargetDependency section */
		6FDDD8A324F949450009A0C4 /* PBXTargetDependency */ = {
			isa = PBXTargetDependency;
			target = 6FDDD88A24F949430009A0C4 /* UltimateAnswer */;
			targetProxy = 6FDDD8A224F949450009A0C4 /* PBXContainerItemProxy */;
		};
		6FDDD8AE24F949460009A0C4 /* PBXTargetDependency */ = {
			isa = PBXTargetDependency;
			target = 6FDDD88A24F949430009A0C4 /* UltimateAnswer */;
			targetProxy = 6FDDD8AD24F949460009A0C4 /* PBXContainerItemProxy */;
		};
/* End PBXTargetDependency section */

/* Begin PBXVariantGroup section */
		6FDDD89924F949450009A0C4 /* LaunchScreen.storyboard */ = {
			isa = PBXVariantGroup;
			children = (
				6FDDD89A24F949450009A0C4 /* Base */,
			);
			name = LaunchScreen.storyboard;
			sourceTree = "<group>";
		};
/* End PBXVariantGroup section */

/* Begin XCBuildConfiguration section */
		6FDDD8B324F949460009A0C4 /* Debug */ = {
			isa = XCBuildConfiguration;
			buildSettings = {
				ALWAYS_SEARCH_USER_PATHS = NO;
				CLANG_ANALYZER_NONNULL = YES;
				CLANG_ANALYZER_NUMBER_OBJECT_CONVERSION = YES_AGGRESSIVE;
				CLANG_CXX_LANGUAGE_STANDARD = "gnu++14";
				CLANG_CXX_LIBRARY = "libc++";
				CLANG_ENABLE_MODULES = YES;
				CLANG_ENABLE_OBJC_ARC = YES;
				CLANG_ENABLE_OBJC_WEAK = YES;
				CLANG_WARN_BLOCK_CAPTURE_AUTORELEASING = YES;
				CLANG_WARN_BOOL_CONVERSION = YES;
				CLANG_WARN_COMMA = YES;
				CLANG_WARN_CONSTANT_CONVERSION = YES;
				CLANG_WARN_DEPRECATED_OBJC_IMPLEMENTATIONS = YES;
				CLANG_WARN_DIRECT_OBJC_ISA_USAGE = YES_ERROR;
				CLANG_WARN_DOCUMENTATION_COMMENTS = YES;
				CLANG_WARN_EMPTY_BODY = YES;
				CLANG_WARN_ENUM_CONVERSION = YES;
				CLANG_WARN_INFINITE_RECURSION = YES;
				CLANG_WARN_INT_CONVERSION = YES;
				CLANG_WARN_NON_LITERAL_NULL_CONVERSION = YES;
				CLANG_WARN_OBJC_IMPLICIT_RETAIN_SELF = YES;
				CLANG_WARN_OBJC_LITERAL_CONVERSION = YES;
				CLANG_WARN_OBJC_ROOT_CLASS = YES_ERROR;
				CLANG_WARN_QUOTED_INCLUDE_IN_FRAMEWORK_HEADER = YES;
				CLANG_WARN_RANGE_LOOP_ANALYSIS = YES;
				CLANG_WARN_STRICT_PROTOTYPES = YES;
				CLANG_WARN_SUSPICIOUS_MOVE = YES;
				CLANG_WARN_UNGUARDED_AVAILABILITY = YES_AGGRESSIVE;
				CLANG_WARN_UNREACHABLE_CODE = YES;
				CLANG_WARN__DUPLICATE_METHOD_MATCH = YES;
				COPY_PHASE_STRIP = NO;
				DEBUG_INFORMATION_FORMAT = dwarf;
				ENABLE_STRICT_OBJC_MSGSEND = YES;
				ENABLE_TESTABILITY = YES;
				GCC_C_LANGUAGE_STANDARD = gnu11;
				GCC_DYNAMIC_NO_PIC = NO;
				GCC_NO_COMMON_BLOCKS = YES;
				GCC_OPTIMIZATION_LEVEL = 0;
				GCC_PREPROCESSOR_DEFINITIONS = (
					"DEBUG=1",
					"$(inherited)",
				);
				GCC_WARN_64_TO_32_BIT_CONVERSION = YES;
				GCC_WARN_ABOUT_RETURN_TYPE = YES_ERROR;
				GCC_WARN_UNDECLARED_SELECTOR = YES;
				GCC_WARN_UNINITIALIZED_AUTOS = YES_AGGRESSIVE;
				GCC_WARN_UNUSED_FUNCTION = YES;
				GCC_WARN_UNUSED_VARIABLE = YES;
				IPHONEOS_DEPLOYMENT_TARGET = 13.6;
				MTL_ENABLE_DEBUG_INFO = INCLUDE_SOURCE;
				MTL_FAST_MATH = YES;
				ONLY_ACTIVE_ARCH = YES;
				SDKROOT = iphoneos;
				SWIFT_ACTIVE_COMPILATION_CONDITIONS = DEBUG;
				SWIFT_OPTIMIZATION_LEVEL = "-Onone";
			};
			name = Debug;
		};
		6FDDD8B424F949460009A0C4 /* Release */ = {
			isa = XCBuildConfiguration;
			buildSettings = {
				ALWAYS_SEARCH_USER_PATHS = NO;
				CLANG_ANALYZER_NONNULL = YES;
				CLANG_ANALYZER_NUMBER_OBJECT_CONVERSION = YES_AGGRESSIVE;
				CLANG_CXX_LANGUAGE_STANDARD = "gnu++14";
				CLANG_CXX_LIBRARY = "libc++";
				CLANG_ENABLE_MODULES = YES;
				CLANG_ENABLE_OBJC_ARC = YES;
				CLANG_ENABLE_OBJC_WEAK = YES;
				CLANG_WARN_BLOCK_CAPTURE_AUTORELEASING = YES;
				CLANG_WARN_BOOL_CONVERSION = YES;
				CLANG_WARN_COMMA = YES;
				CLANG_WARN_CONSTANT_CONVERSION = YES;
				CLANG_WARN_DEPRECATED_OBJC_IMPLEMENTATIONS = YES;
				CLANG_WARN_DIRECT_OBJC_ISA_USAGE = YES_ERROR;
				CLANG_WARN_DOCUMENTATION_COMMENTS = YES;
				CLANG_WARN_EMPTY_BODY = YES;
				CLANG_WARN_ENUM_CONVERSION = YES;
				CLANG_WARN_INFINITE_RECURSION = YES;
				CLANG_WARN_INT_CONVERSION = YES;
				CLANG_WARN_NON_LITERAL_NULL_CONVERSION = YES;
				CLANG_WARN_OBJC_IMPLICIT_RETAIN_SELF = YES;
				CLANG_WARN_OBJC_LITERAL_CONVERSION = YES;
				CLANG_WARN_OBJC_ROOT_CLASS = YES_ERROR;
				CLANG_WARN_QUOTED_INCLUDE_IN_FRAMEWORK_HEADER = YES;
				CLANG_WARN_RANGE_LOOP_ANALYSIS = YES;
				CLANG_WARN_STRICT_PROTOTYPES = YES;
				CLANG_WARN_SUSPICIOUS_MOVE = YES;
				CLANG_WARN_UNGUARDED_AVAILABILITY = YES_AGGRESSIVE;
				CLANG_WARN_UNREACHABLE_CODE = YES;
				CLANG_WARN__DUPLICATE_METHOD_MATCH = YES;
				COPY_PHASE_STRIP = NO;
				DEBUG_INFORMATION_FORMAT = "dwarf-with-dsym";
				ENABLE_NS_ASSERTIONS = NO;
				ENABLE_STRICT_OBJC_MSGSEND = YES;
				GCC_C_LANGUAGE_STANDARD = gnu11;
				GCC_NO_COMMON_BLOCKS = YES;
				GCC_WARN_64_TO_32_BIT_CONVERSION = YES;
				GCC_WARN_ABOUT_RETURN_TYPE = YES_ERROR;
				GCC_WARN_UNDECLARED_SELECTOR = YES;
				GCC_WARN_UNINITIALIZED_AUTOS = YES_AGGRESSIVE;
				GCC_WARN_UNUSED_FUNCTION = YES;
				GCC_WARN_UNUSED_VARIABLE = YES;
				IPHONEOS_DEPLOYMENT_TARGET = 13.6;
				MTL_ENABLE_DEBUG_INFO = NO;
				MTL_FAST_MATH = YES;
				SDKROOT = iphoneos;
				SWIFT_COMPILATION_MODE = wholemodule;
				SWIFT_OPTIMIZATION_LEVEL = "-O";
				VALIDATE_PRODUCT = YES;
			};
			name = Release;
		};
		6FDDD8B624F949460009A0C4 /* Debug */ = {
			isa = XCBuildConfiguration;
			buildSettings = {
				ASSETCATALOG_COMPILER_APPICON_NAME = AppIcon;
				CODE_SIGN_STYLE = Automatic;
				DEVELOPMENT_ASSET_PATHS = "\"UltimateAnswer/Preview Content\"";
				DEVELOPMENT_TEAM = YKW4K6F98F;
				ENABLE_PREVIEWS = YES;
				INFOPLIST_FILE = UltimateAnswer/Info.plist;
				LD_RUNPATH_SEARCH_PATHS = (
					"$(inherited)",
					"@executable_path/Frameworks",
				);
				PRODUCT_BUNDLE_IDENTIFIER = de.hshl.isd.UltimateAnswer;
				PRODUCT_NAME = "$(TARGET_NAME)";
				SWIFT_VERSION = 5.0;
				TARGETED_DEVICE_FAMILY = "1,2";
			};
			name = Debug;
		};
		6FDDD8B724F949460009A0C4 /* Release */ = {
			isa = XCBuildConfiguration;
			buildSettings = {
				ASSETCATALOG_COMPILER_APPICON_NAME = AppIcon;
				CODE_SIGN_STYLE = Automatic;
				DEVELOPMENT_ASSET_PATHS = "\"UltimateAnswer/Preview Content\"";
				DEVELOPMENT_TEAM = YKW4K6F98F;
				ENABLE_PREVIEWS = YES;
				INFOPLIST_FILE = UltimateAnswer/Info.plist;
				LD_RUNPATH_SEARCH_PATHS = (
					"$(inherited)",
					"@executable_path/Frameworks",
				);
				PRODUCT_BUNDLE_IDENTIFIER = de.hshl.isd.UltimateAnswer;
				PRODUCT_NAME = "$(TARGET_NAME)";
				SWIFT_VERSION = 5.0;
				TARGETED_DEVICE_FAMILY = "1,2";
			};
			name = Release;
		};
		6FDDD8B924F949460009A0C4 /* Debug */ = {
			isa = XCBuildConfiguration;
			buildSettings = {
				ALWAYS_EMBED_SWIFT_STANDARD_LIBRARIES = YES;
				BUNDLE_LOADER = "$(TEST_HOST)";
				CODE_SIGN_STYLE = Automatic;
				DEVELOPMENT_TEAM = YKW4K6F98F;
				INFOPLIST_FILE = UltimateAnswerTests/Info.plist;
				IPHONEOS_DEPLOYMENT_TARGET = 13.6;
				LD_RUNPATH_SEARCH_PATHS = (
					"$(inherited)",
					"@executable_path/Frameworks",
					"@loader_path/Frameworks",
				);
				PRODUCT_BUNDLE_IDENTIFIER = de.hshl.isd.UltimateAnswerTests;
				PRODUCT_NAME = "$(TARGET_NAME)";
				SWIFT_VERSION = 5.0;
				TARGETED_DEVICE_FAMILY = "1,2";
				TEST_HOST = "$(BUILT_PRODUCTS_DIR)/UltimateAnswer.app/UltimateAnswer";
			};
			name = Debug;
		};
		6FDDD8BA24F949460009A0C4 /* Release */ = {
			isa = XCBuildConfiguration;
			buildSettings = {
				ALWAYS_EMBED_SWIFT_STANDARD_LIBRARIES = YES;
				BUNDLE_LOADER = "$(TEST_HOST)";
				CODE_SIGN_STYLE = Automatic;
				DEVELOPMENT_TEAM = YKW4K6F98F;
				INFOPLIST_FILE = UltimateAnswerTests/Info.plist;
				IPHONEOS_DEPLOYMENT_TARGET = 13.6;
				LD_RUNPATH_SEARCH_PATHS = (
					"$(inherited)",
					"@executable_path/Frameworks",
					"@loader_path/Frameworks",
				);
				PRODUCT_BUNDLE_IDENTIFIER = de.hshl.isd.UltimateAnswerTests;
				PRODUCT_NAME = "$(TARGET_NAME)";
				SWIFT_VERSION = 5.0;
				TARGETED_DEVICE_FAMILY = "1,2";
				TEST_HOST = "$(BUILT_PRODUCTS_DIR)/UltimateAnswer.app/UltimateAnswer";
			};
			name = Release;
		};
		6FDDD8BC24F949460009A0C4 /* Debug */ = {
			isa = XCBuildConfiguration;
			buildSettings = {
				ALWAYS_EMBED_SWIFT_STANDARD_LIBRARIES = YES;
				CODE_SIGN_STYLE = Automatic;
				DEVELOPMENT_TEAM = YKW4K6F98F;
				INFOPLIST_FILE = UltimateAnswerUITests/Info.plist;
				LD_RUNPATH_SEARCH_PATHS = (
					"$(inherited)",
					"@executable_path/Frameworks",
					"@loader_path/Frameworks",
				);
				PRODUCT_BUNDLE_IDENTIFIER = de.hshl.isd.UltimateAnswerUITests;
				PRODUCT_NAME = "$(TARGET_NAME)";
				SWIFT_VERSION = 5.0;
				TARGETED_DEVICE_FAMILY = "1,2";
				TEST_TARGET_NAME = UltimateAnswer;
			};
			name = Debug;
		};
		6FDDD8BD24F949460009A0C4 /* Release */ = {
			isa = XCBuildConfiguration;
			buildSettings = {
				ALWAYS_EMBED_SWIFT_STANDARD_LIBRARIES = YES;
				CODE_SIGN_STYLE = Automatic;
				DEVELOPMENT_TEAM = YKW4K6F98F;
				INFOPLIST_FILE = UltimateAnswerUITests/Info.plist;
				LD_RUNPATH_SEARCH_PATHS = (
					"$(inherited)",
					"@executable_path/Frameworks",
					"@loader_path/Frameworks",
				);
				PRODUCT_BUNDLE_IDENTIFIER = de.hshl.isd.UltimateAnswerUITests;
				PRODUCT_NAME = "$(TARGET_NAME)";
				SWIFT_VERSION = 5.0;
				TARGETED_DEVICE_FAMILY = "1,2";
				TEST_TARGET_NAME = UltimateAnswer;
			};
			name = Release;
		};
/* End XCBuildConfiguration section */

/* Begin XCConfigurationList section */
		6FDDD88624F949430009A0C4 /* Build configuration list for PBXProject "UltimateAnswer" */ = {
			isa = XCConfigurationList;
			buildConfigurations = (
				6FDDD8B324F949460009A0C4 /* Debug */,
				6FDDD8B424F949460009A0C4 /* Release */,
			);
			defaultConfigurationIsVisible = 0;
			defaultConfigurationName = Release;
		};
		6FDDD8B524F949460009A0C4 /* Build configuration list for PBXNativeTarget "UltimateAnswer" */ = {
			isa = XCConfigurationList;
			buildConfigurations = (
				6FDDD8B624F949460009A0C4 /* Debug */,
				6FDDD8B724F949460009A0C4 /* Release */,
			);
			defaultConfigurationIsVisible = 0;
			defaultConfigurationName = Release;
		};
		6FDDD8B824F949460009A0C4 /* Build configuration list for PBXNativeTarget "UltimateAnswerTests" */ = {
			isa = XCConfigurationList;
			buildConfigurations = (
				6FDDD8B924F949460009A0C4 /* Debug */,
				6FDDD8BA24F949460009A0C4 /* Release */,
			);
			defaultConfigurationIsVisible = 0;
			defaultConfigurationName = Release;
		};
		6FDDD8BB24F949460009A0C4 /* Build configuration list for PBXNativeTarget "UltimateAnswerUITests" */ = {
			isa = XCConfigurationList;
			buildConfigurations = (
				6FDDD8BC24F949460009A0C4 /* Debug */,
				6FDDD8BD24F949460009A0C4 /* Release */,
			);
			defaultConfigurationIsVisible = 0;
			defaultConfigurationName = Release;
		};
/* End XCConfigurationList section */

/* Begin XCSwiftPackageProductDependency section */
		6FDDD8BF24F94C200009A0C4 /* UltimateAnswerCore */ = {
			isa = XCSwiftPackageProductDependency;
			productName = UltimateAnswerCore;
		};
		6FDDD8C124F94C250009A0C4 /* UltimateAnswerInfrastructure */ = {
			isa = XCSwiftPackageProductDependency;
			productName = UltimateAnswerInfrastructure;
		};
		6FDDD8C324F94C310009A0C4 /* UltimateAnswerCommon */ = {
			isa = XCSwiftPackageProductDependency;
			productName = UltimateAnswerCommon;
		};
/* End XCSwiftPackageProductDependency section */
	};
	rootObject = 6FDDD88324F949430009A0C4 /* Project object */;
}
