// !$*UTF8*$!
{
	archiveVersion = 1;
	classes = {
	};
	objectVersion = 50;
	objects = {

/* Begin PBXBuildFile section */
		6FC028F923FAE63C003DFE0F /* AppDelegate.swift in Sources */ = {isa = PBXBuildFile; fileRef = 6FC028F823FAE63C003DFE0F /* AppDelegate.swift */; };
		6FC028FB23FAE63C003DFE0F /* SceneDelegate.swift in Sources */ = {isa = PBXBuildFile; fileRef = 6FC028FA23FAE63C003DFE0F /* SceneDelegate.swift */; };
		6FC028FD23FAE63C003DFE0F /* ContentView.swift in Sources */ = {isa = PBXBuildFile; fileRef = 6FC028FC23FAE63C003DFE0F /* ContentView.swift */; };
		6FC028FF23FAE644003DFE0F /* Assets.xcassets in Resources */ = {isa = PBXBuildFile; fileRef = 6FC028FE23FAE644003DFE0F /* Assets.xcassets */; };
		6FC0290223FAE644003DFE0F /* Preview Assets.xcassets in Resources */ = {isa = PBXBuildFile; fileRef = 6FC0290123FAE644003DFE0F /* Preview Assets.xcassets */; };
		6FC0290523FAE644003DFE0F /* LaunchScreen.storyboard in Resources */ = {isa = PBXBuildFile; fileRef = 6FC0290323FAE644003DFE0F /* LaunchScreen.storyboard */; };
		6FC0291023FAE646003DFE0F /* UITestRecipeTests.swift in Sources */ = {isa = PBXBuildFile; fileRef = 6FC0290F23FAE646003DFE0F /* UITestRecipeTests.swift */; };
		6FC0291B23FAE646003DFE0F /* UITestRecipeUITests.swift in Sources */ = {isa = PBXBuildFile; fileRef = 6FC0291A23FAE646003DFE0F /* UITestRecipeUITests.swift */; };
/* End PBXBuildFile section */

/* Begin PBXContainerItemProxy section */
		6FC0290C23FAE646003DFE0F /* PBXContainerItemProxy */ = {
			isa = PBXContainerItemProxy;
			containerPortal = 6FC028ED23FAE63C003DFE0F /* Project object */;
			proxyType = 1;
			remoteGlobalIDString = 6FC028F423FAE63C003DFE0F;
			remoteInfo = UITestRecipe;
		};
		6FC0291723FAE646003DFE0F /* PBXContainerItemProxy */ = {
			isa = PBXContainerItemProxy;
			containerPortal = 6FC028ED23FAE63C003DFE0F /* Project object */;
			proxyType = 1;
			remoteGlobalIDString = 6FC028F423FAE63C003DFE0F;
			remoteInfo = UITestRecipe;
		};
/* End PBXContainerItemProxy section */

/* Begin PBXFileReference section */
		6FC028F523FAE63C003DFE0F /* UITestRecipe.app */ = {isa = PBXFileReference; explicitFileType = wrapper.application; includeInIndex = 0; path = UITestRecipe.app; sourceTree = BUILT_PRODUCTS_DIR; };
		6FC028F823FAE63C003DFE0F /* AppDelegate.swift */ = {isa = PBXFileReference; lastKnownFileType = sourcecode.swift; path = AppDelegate.swift; sourceTree = "<group>"; };
		6FC028FA23FAE63C003DFE0F /* SceneDelegate.swift */ = {isa = PBXFileReference; lastKnownFileType = sourcecode.swift; path = SceneDelegate.swift; sourceTree = "<group>"; };
		6FC028FC23FAE63C003DFE0F /* ContentView.swift */ = {isa = PBXFileReference; lastKnownFileType = sourcecode.swift; path = ContentView.swift; sourceTree = "<group>"; };
		6FC028FE23FAE644003DFE0F /* Assets.xcassets */ = {isa = PBXFileReference; lastKnownFileType = folder.assetcatalog; path = Assets.xcassets; sourceTree = "<group>"; };
		6FC0290123FAE644003DFE0F /* Preview Assets.xcassets */ = {isa = PBXFileReference; lastKnownFileType = folder.assetcatalog; path = "Preview Assets.xcassets"; sourceTree = "<group>"; };
		6FC0290423FAE644003DFE0F /* Base */ = {isa = PBXFileReference; lastKnownFileType = file.storyboard; name = Base; path = Base.lproj/LaunchScreen.storyboard; sourceTree = "<group>"; };
		6FC0290623FAE644003DFE0F /* Info.plist */ = {isa = PBXFileReference; lastKnownFileType = text.plist.xml; path = Info.plist; sourceTree = "<group>"; };
		6FC0290B23FAE646003DFE0F /* UITestRecipeTests.xctest */ = {isa = PBXFileReference; explicitFileType = wrapper.cfbundle; includeInIndex = 0; path = UITestRecipeTests.xctest; sourceTree = BUILT_PRODUCTS_DIR; };
		6FC0290F23FAE646003DFE0F /* UITestRecipeTests.swift */ = {isa = PBXFileReference; lastKnownFileType = sourcecode.swift; path = UITestRecipeTests.swift; sourceTree = "<group>"; };
		6FC0291123FAE646003DFE0F /* Info.plist */ = {isa = PBXFileReference; lastKnownFileType = text.plist.xml; path = Info.plist; sourceTree = "<group>"; };
		6FC0291623FAE646003DFE0F /* UITestRecipeUITests.xctest */ = {isa = PBXFileReference; explicitFileType = wrapper.cfbundle; includeInIndex = 0; path = UITestRecipeUITests.xctest; sourceTree = BUILT_PRODUCTS_DIR; };
		6FC0291A23FAE646003DFE0F /* UITestRecipeUITests.swift */ = {isa = PBXFileReference; lastKnownFileType = sourcecode.swift; path = UITestRecipeUITests.swift; sourceTree = "<group>"; };
		6FC0291C23FAE646003DFE0F /* Info.plist */ = {isa = PBXFileReference; lastKnownFileType = text.plist.xml; path = Info.plist; sourceTree = "<group>"; };
/* End PBXFileReference section */

/* Begin PBXFrameworksBuildPhase section */
		6FC028F223FAE63C003DFE0F /* Frameworks */ = {
			isa = PBXFrameworksBuildPhase;
			buildActionMask = 2147483647;
			files = (
			);
			runOnlyForDeploymentPostprocessing = 0;
		};
		6FC0290823FAE646003DFE0F /* Frameworks */ = {
			isa = PBXFrameworksBuildPhase;
			buildActionMask = 2147483647;
			files = (
			);
			runOnlyForDeploymentPostprocessing = 0;
		};
		6FC0291323FAE646003DFE0F /* Frameworks */ = {
			isa = PBXFrameworksBuildPhase;
			buildActionMask = 2147483647;
			files = (
			);
			runOnlyForDeploymentPostprocessing = 0;
		};
/* End PBXFrameworksBuildPhase section */

/* Begin PBXGroup section */
		6FC028EC23FAE63C003DFE0F = {
			isa = PBXGroup;
			children = (
				6FC028F723FAE63C003DFE0F /* UITestRecipe */,
				6FC0290E23FAE646003DFE0F /* UITestRecipeTests */,
				6FC0291923FAE646003DFE0F /* UITestRecipeUITests */,
				6FC028F623FAE63C003DFE0F /* Products */,
			);
			sourceTree = "<group>";
		};
		6FC028F623FAE63C003DFE0F /* Products */ = {
			isa = PBXGroup;
			children = (
				6FC028F523FAE63C003DFE0F /* UITestRecipe.app */,
				6FC0290B23FAE646003DFE0F /* UITestRecipeTests.xctest */,
				6FC0291623FAE646003DFE0F /* UITestRecipeUITests.xctest */,
			);
			name = Products;
			sourceTree = "<group>";
		};
		6FC028F723FAE63C003DFE0F /* UITestRecipe */ = {
			isa = PBXGroup;
			children = (
				6FC028F823FAE63C003DFE0F /* AppDelegate.swift */,
				6FC028FA23FAE63C003DFE0F /* SceneDelegate.swift */,
				6FC028FC23FAE63C003DFE0F /* ContentView.swift */,
				6FC028FE23FAE644003DFE0F /* Assets.xcassets */,
				6FC0290323FAE644003DFE0F /* LaunchScreen.storyboard */,
				6FC0290623FAE644003DFE0F /* Info.plist */,
				6FC0290023FAE644003DFE0F /* Preview Content */,
			);
			path = UITestRecipe;
			sourceTree = "<group>";
		};
		6FC0290023FAE644003DFE0F /* Preview Content */ = {
			isa = PBXGroup;
			children = (
				6FC0290123FAE644003DFE0F /* Preview Assets.xcassets */,
			);
			path = "Preview Content";
			sourceTree = "<group>";
		};
		6FC0290E23FAE646003DFE0F /* UITestRecipeTests */ = {
			isa = PBXGroup;
			children = (
				6FC0290F23FAE646003DFE0F /* UITestRecipeTests.swift */,
				6FC0291123FAE646003DFE0F /* Info.plist */,
			);
			path = UITestRecipeTests;
			sourceTree = "<group>";
		};
		6FC0291923FAE646003DFE0F /* UITestRecipeUITests */ = {
			isa = PBXGroup;
			children = (
				6FC0291A23FAE646003DFE0F /* UITestRecipeUITests.swift */,
				6FC0291C23FAE646003DFE0F /* Info.plist */,
			);
			path = UITestRecipeUITests;
			sourceTree = "<group>";
		};
/* End PBXGroup section */

/* Begin PBXNativeTarget section */
		6FC028F423FAE63C003DFE0F /* UITestRecipe */ = {
			isa = PBXNativeTarget;
			buildConfigurationList = 6FC0291F23FAE646003DFE0F /* Build configuration list for PBXNativeTarget "UITestRecipe" */;
			buildPhases = (
				6FC028F123FAE63C003DFE0F /* Sources */,
				6FC028F223FAE63C003DFE0F /* Frameworks */,
				6FC028F323FAE63C003DFE0F /* Resources */,
			);
			buildRules = (
			);
			dependencies = (
			);
			name = UITestRecipe;
			productName = UITestRecipe;
			productReference = 6FC028F523FAE63C003DFE0F /* UITestRecipe.app */;
			productType = "com.apple.product-type.application";
		};
		6FC0290A23FAE646003DFE0F /* UITestRecipeTests */ = {
			isa = PBXNativeTarget;
			buildConfigurationList = 6FC0292223FAE646003DFE0F /* Build configuration list for PBXNativeTarget "UITestRecipeTests" */;
			buildPhases = (
				6FC0290723FAE646003DFE0F /* Sources */,
				6FC0290823FAE646003DFE0F /* Frameworks */,
				6FC0290923FAE646003DFE0F /* Resources */,
			);
			buildRules = (
			);
			dependencies = (
				6FC0290D23FAE646003DFE0F /* PBXTargetDependency */,
			);
			name = UITestRecipeTests;
			productName = UITestRecipeTests;
			productReference = 6FC0290B23FAE646003DFE0F /* UITestRecipeTests.xctest */;
			productType = "com.apple.product-type.bundle.unit-test";
		};
		6FC0291523FAE646003DFE0F /* UITestRecipeUITests */ = {
			isa = PBXNativeTarget;
			buildConfigurationList = 6FC0292523FAE646003DFE0F /* Build configuration list for PBXNativeTarget "UITestRecipeUITests" */;
			buildPhases = (
				6FC0291223FAE646003DFE0F /* Sources */,
				6FC0291323FAE646003DFE0F /* Frameworks */,
				6FC0291423FAE646003DFE0F /* Resources */,
			);
			buildRules = (
			);
			dependencies = (
				6FC0291823FAE646003DFE0F /* PBXTargetDependency */,
			);
			name = UITestRecipeUITests;
			productName = UITestRecipeUITests;
			productReference = 6FC0291623FAE646003DFE0F /* UITestRecipeUITests.xctest */;
			productType = "com.apple.product-type.bundle.ui-testing";
		};
/* End PBXNativeTarget section */

/* Begin PBXProject section */
		6FC028ED23FAE63C003DFE0F /* Project object */ = {
			isa = PBXProject;
			attributes = {
				LastSwiftUpdateCheck = 1130;
				LastUpgradeCheck = 1130;
				ORGANIZATIONNAME = "Hochschule Hamm-Lippstadt";
				TargetAttributes = {
					6FC028F423FAE63C003DFE0F = {
						CreatedOnToolsVersion = 11.3.1;
					};
					6FC0290A23FAE646003DFE0F = {
						CreatedOnToolsVersion = 11.3.1;
						TestTargetID = 6FC028F423FAE63C003DFE0F;
					};
					6FC0291523FAE646003DFE0F = {
						CreatedOnToolsVersion = 11.3.1;
						TestTargetID = 6FC028F423FAE63C003DFE0F;
					};
				};
			};
			buildConfigurationList = 6FC028F023FAE63C003DFE0F /* Build configuration list for PBXProject "UITestRecipe" */;
			compatibilityVersion = "Xcode 9.3";
			developmentRegion = en;
			hasScannedForEncodings = 0;
			knownRegions = (
				en,
				Base,
			);
			mainGroup = 6FC028EC23FAE63C003DFE0F;
			productRefGroup = 6FC028F623FAE63C003DFE0F /* Products */;
			projectDirPath = "";
			projectRoot = "";
			targets = (
				6FC028F423FAE63C003DFE0F /* UITestRecipe */,
				6FC0290A23FAE646003DFE0F /* UITestRecipeTests */,
				6FC0291523FAE646003DFE0F /* UITestRecipeUITests */,
			);
		};
/* End PBXProject section */

/* Begin PBXResourcesBuildPhase section */
		6FC028F323FAE63C003DFE0F /* Resources */ = {
			isa = PBXResourcesBuildPhase;
			buildActionMask = 2147483647;
			files = (
				6FC0290523FAE644003DFE0F /* LaunchScreen.storyboard in Resources */,
				6FC0290223FAE644003DFE0F /* Preview Assets.xcassets in Resources */,
				6FC028FF23FAE644003DFE0F /* Assets.xcassets in Resources */,
			);
			runOnlyForDeploymentPostprocessing = 0;
		};
		6FC0290923FAE646003DFE0F /* Resources */ = {
			isa = PBXResourcesBuildPhase;
			buildActionMask = 2147483647;
			files = (
			);
			runOnlyForDeploymentPostprocessing = 0;
		};
		6FC0291423FAE646003DFE0F /* Resources */ = {
			isa = PBXResourcesBuildPhase;
			buildActionMask = 2147483647;
			files = (
			);
			runOnlyForDeploymentPostprocessing = 0;
		};
/* End PBXResourcesBuildPhase section */

/* Begin PBXSourcesBuildPhase section */
		6FC028F123FAE63C003DFE0F /* Sources */ = {
			isa = PBXSourcesBuildPhase;
			buildActionMask = 2147483647;
			files = (
				6FC028F923FAE63C003DFE0F /* AppDelegate.swift in Sources */,
				6FC028FB23FAE63C003DFE0F /* SceneDelegate.swift in Sources */,
				6FC028FD23FAE63C003DFE0F /* ContentView.swift in Sources */,
			);
			runOnlyForDeploymentPostprocessing = 0;
		};
		6FC0290723FAE646003DFE0F /* Sources */ = {
			isa = PBXSourcesBuildPhase;
			buildActionMask = 2147483647;
			files = (
				6FC0291023FAE646003DFE0F /* UITestRecipeTests.swift in Sources */,
			);
			runOnlyForDeploymentPostprocessing = 0;
		};
		6FC0291223FAE646003DFE0F /* Sources */ = {
			isa = PBXSourcesBuildPhase;
			buildActionMask = 2147483647;
			files = (
				6FC0291B23FAE646003DFE0F /* UITestRecipeUITests.swift in Sources */,
			);
			runOnlyForDeploymentPostprocessing = 0;
		};
/* End PBXSourcesBuildPhase section */

/* Begin PBXTargetDependency section */
		6FC0290D23FAE646003DFE0F /* PBXTargetDependency */ = {
			isa = PBXTargetDependency;
			target = 6FC028F423FAE63C003DFE0F /* UITestRecipe */;
			targetProxy = 6FC0290C23FAE646003DFE0F /* PBXContainerItemProxy */;
		};
		6FC0291823FAE646003DFE0F /* PBXTargetDependency */ = {
			isa = PBXTargetDependency;
			target = 6FC028F423FAE63C003DFE0F /* UITestRecipe */;
			targetProxy = 6FC0291723FAE646003DFE0F /* PBXContainerItemProxy */;
		};
/* End PBXTargetDependency section */

/* Begin PBXVariantGroup section */
		6FC0290323FAE644003DFE0F /* LaunchScreen.storyboard */ = {
			isa = PBXVariantGroup;
			children = (
				6FC0290423FAE644003DFE0F /* Base */,
			);
			name = LaunchScreen.storyboard;
			sourceTree = "<group>";
		};
/* End PBXVariantGroup section */

/* Begin XCBuildConfiguration section */
		6FC0291D23FAE646003DFE0F /* Debug */ = {
			isa = XCBuildConfiguration;
			buildSettings = {
				ALWAYS_SEARCH_USER_PATHS = NO;
				CLANG_ANALYZER_NONNULL = YES;
				CLANG_ANALYZER_NUMBER_OBJECT_CONVERSION = YES_AGGRESSIVE;
				CLANG_CXX_LANGUAGE_STANDARD = "gnu++14";
				CLANG_CXX_LIBRARY = "libc++";
				CLANG_ENABLE_MODULES = YES;
				CLANG_ENABLE_OBJC_ARC = YES;
				CLANG_ENABLE_OBJC_WEAK = YES;
				CLANG_WARN_BLOCK_CAPTURE_AUTORELEASING = YES;
				CLANG_WARN_BOOL_CONVERSION = YES;
				CLANG_WARN_COMMA = YES;
				CLANG_WARN_CONSTANT_CONVERSION = YES;
				CLANG_WARN_DEPRECATED_OBJC_IMPLEMENTATIONS = YES;
				CLANG_WARN_DIRECT_OBJC_ISA_USAGE = YES_ERROR;
				CLANG_WARN_DOCUMENTATION_COMMENTS = YES;
				CLANG_WARN_EMPTY_BODY = YES;
				CLANG_WARN_ENUM_CONVERSION = YES;
				CLANG_WARN_INFINITE_RECURSION = YES;
				CLANG_WARN_INT_CONVERSION = YES;
				CLANG_WARN_NON_LITERAL_NULL_CONVERSION = YES;
				CLANG_WARN_OBJC_IMPLICIT_RETAIN_SELF = YES;
				CLANG_WARN_OBJC_LITERAL_CONVERSION = YES;
				CLANG_WARN_OBJC_ROOT_CLASS = YES_ERROR;
				CLANG_WARN_RANGE_LOOP_ANALYSIS = YES;
				CLANG_WARN_STRICT_PROTOTYPES = YES;
				CLANG_WARN_SUSPICIOUS_MOVE = YES;
				CLANG_WARN_UNGUARDED_AVAILABILITY = YES_AGGRESSIVE;
				CLANG_WARN_UNREACHABLE_CODE = YES;
				CLANG_WARN__DUPLICATE_METHOD_MATCH = YES;
				COPY_PHASE_STRIP = NO;
				DEBUG_INFORMATION_FORMAT = dwarf;
				ENABLE_STRICT_OBJC_MSGSEND = YES;
				ENABLE_TESTABILITY = YES;
				GCC_C_LANGUAGE_STANDARD = gnu11;
				GCC_DYNAMIC_NO_PIC = NO;
				GCC_NO_COMMON_BLOCKS = YES;
				GCC_OPTIMIZATION_LEVEL = 0;
				GCC_PREPROCESSOR_DEFINITIONS = (
					"DEBUG=1",
					"$(inherited)",
				);
				GCC_WARN_64_TO_32_BIT_CONVERSION = YES;
				GCC_WARN_ABOUT_RETURN_TYPE = YES_ERROR;
				GCC_WARN_UNDECLARED_SELECTOR = YES;
				GCC_WARN_UNINITIALIZED_AUTOS = YES_AGGRESSIVE;
				GCC_WARN_UNUSED_FUNCTION = YES;
				GCC_WARN_UNUSED_VARIABLE = YES;
				IPHONEOS_DEPLOYMENT_TARGET = 13.2;
				MTL_ENABLE_DEBUG_INFO = INCLUDE_SOURCE;
				MTL_FAST_MATH = YES;
				ONLY_ACTIVE_ARCH = YES;
				SDKROOT = iphoneos;
				SWIFT_ACTIVE_COMPILATION_CONDITIONS = DEBUG;
				SWIFT_OPTIMIZATION_LEVEL = "-Onone";
			};
			name = Debug;
		};
		6FC0291E23FAE646003DFE0F /* Release */ = {
			isa = XCBuildConfiguration;
			buildSettings = {
				ALWAYS_SEARCH_USER_PATHS = NO;
				CLANG_ANALYZER_NONNULL = YES;
				CLANG_ANALYZER_NUMBER_OBJECT_CONVERSION = YES_AGGRESSIVE;
				CLANG_CXX_LANGUAGE_STANDARD = "gnu++14";
				CLANG_CXX_LIBRARY = "libc++";
				CLANG_ENABLE_MODULES = YES;
				CLANG_ENABLE_OBJC_ARC = YES;
				CLANG_ENABLE_OBJC_WEAK = YES;
				CLANG_WARN_BLOCK_CAPTURE_AUTORELEASING = YES;
				CLANG_WARN_BOOL_CONVERSION = YES;
				CLANG_WARN_COMMA = YES;
				CLANG_WARN_CONSTANT_CONVERSION = YES;
				CLANG_WARN_DEPRECATED_OBJC_IMPLEMENTATIONS = YES;
				CLANG_WARN_DIRECT_OBJC_ISA_USAGE = YES_ERROR;
				CLANG_WARN_DOCUMENTATION_COMMENTS = YES;
				CLANG_WARN_EMPTY_BODY = YES;
				CLANG_WARN_ENUM_CONVERSION = YES;
				CLANG_WARN_INFINITE_RECURSION = YES;
				CLANG_WARN_INT_CONVERSION = YES;
				CLANG_WARN_NON_LITERAL_NULL_CONVERSION = YES;
				CLANG_WARN_OBJC_IMPLICIT_RETAIN_SELF = YES;
				CLANG_WARN_OBJC_LITERAL_CONVERSION = YES;
				CLANG_WARN_OBJC_ROOT_CLASS = YES_ERROR;
				CLANG_WARN_RANGE_LOOP_ANALYSIS = YES;
				CLANG_WARN_STRICT_PROTOTYPES = YES;
				CLANG_WARN_SUSPICIOUS_MOVE = YES;
				CLANG_WARN_UNGUARDED_AVAILABILITY = YES_AGGRESSIVE;
				CLANG_WARN_UNREACHABLE_CODE = YES;
				CLANG_WARN__DUPLICATE_METHOD_MATCH = YES;
				COPY_PHASE_STRIP = NO;
				DEBUG_INFORMATION_FORMAT = "dwarf-with-dsym";
				ENABLE_NS_ASSERTIONS = NO;
				ENABLE_STRICT_OBJC_MSGSEND = YES;
				GCC_C_LANGUAGE_STANDARD = gnu11;
				GCC_NO_COMMON_BLOCKS = YES;
				GCC_WARN_64_TO_32_BIT_CONVERSION = YES;
				GCC_WARN_ABOUT_RETURN_TYPE = YES_ERROR;
				GCC_WARN_UNDECLARED_SELECTOR = YES;
				GCC_WARN_UNINITIALIZED_AUTOS = YES_AGGRESSIVE;
				GCC_WARN_UNUSED_FUNCTION = YES;
				GCC_WARN_UNUSED_VARIABLE = YES;
				IPHONEOS_DEPLOYMENT_TARGET = 13.2;
				MTL_ENABLE_DEBUG_INFO = NO;
				MTL_FAST_MATH = YES;
				SDKROOT = iphoneos;
				SWIFT_COMPILATION_MODE = wholemodule;
				SWIFT_OPTIMIZATION_LEVEL = "-O";
				VALIDATE_PRODUCT = YES;
			};
			name = Release;
		};
		6FC0292023FAE646003DFE0F /* Debug */ = {
			isa = XCBuildConfiguration;
			buildSettings = {
				ASSETCATALOG_COMPILER_APPICON_NAME = AppIcon;
				CODE_SIGN_STYLE = Automatic;
				DEVELOPMENT_ASSET_PATHS = "\"UITestRecipe/Preview Content\"";
				DEVELOPMENT_TEAM = YKW4K6F98F;
				ENABLE_PREVIEWS = YES;
				INFOPLIST_FILE = UITestRecipe/Info.plist;
				LD_RUNPATH_SEARCH_PATHS = (
					"$(inherited)",
					"@executable_path/Frameworks",
				);
				PRODUCT_BUNDLE_IDENTIFIER = de.hshl.isd.UITestRecipe;
				PRODUCT_NAME = "$(TARGET_NAME)";
				SWIFT_VERSION = 5.0;
				TARGETED_DEVICE_FAMILY = "1,2";
			};
			name = Debug;
		};
		6FC0292123FAE646003DFE0F /* Release */ = {
			isa = XCBuildConfiguration;
			buildSettings = {
				ASSETCATALOG_COMPILER_APPICON_NAME = AppIcon;
				CODE_SIGN_STYLE = Automatic;
				DEVELOPMENT_ASSET_PATHS = "\"UITestRecipe/Preview Content\"";
				DEVELOPMENT_TEAM = YKW4K6F98F;
				ENABLE_PREVIEWS = YES;
				INFOPLIST_FILE = UITestRecipe/Info.plist;
				LD_RUNPATH_SEARCH_PATHS = (
					"$(inherited)",
					"@executable_path/Frameworks",
				);
				PRODUCT_BUNDLE_IDENTIFIER = de.hshl.isd.UITestRecipe;
				PRODUCT_NAME = "$(TARGET_NAME)";
				SWIFT_VERSION = 5.0;
				TARGETED_DEVICE_FAMILY = "1,2";
			};
			name = Release;
		};
		6FC0292323FAE646003DFE0F /* Debug */ = {
			isa = XCBuildConfiguration;
			buildSettings = {
				ALWAYS_EMBED_SWIFT_STANDARD_LIBRARIES = YES;
				BUNDLE_LOADER = "$(TEST_HOST)";
				CODE_SIGN_STYLE = Automatic;
				DEVELOPMENT_TEAM = YKW4K6F98F;
				INFOPLIST_FILE = UITestRecipeTests/Info.plist;
				IPHONEOS_DEPLOYMENT_TARGET = 13.2;
				LD_RUNPATH_SEARCH_PATHS = (
					"$(inherited)",
					"@executable_path/Frameworks",
					"@loader_path/Frameworks",
				);
				PRODUCT_BUNDLE_IDENTIFIER = de.hshl.isd.UITestRecipeTests;
				PRODUCT_NAME = "$(TARGET_NAME)";
				SWIFT_VERSION = 5.0;
				TARGETED_DEVICE_FAMILY = "1,2";
				TEST_HOST = "$(BUILT_PRODUCTS_DIR)/UITestRecipe.app/UITestRecipe";
			};
			name = Debug;
		};
		6FC0292423FAE646003DFE0F /* Release */ = {
			isa = XCBuildConfiguration;
			buildSettings = {
				ALWAYS_EMBED_SWIFT_STANDARD_LIBRARIES = YES;
				BUNDLE_LOADER = "$(TEST_HOST)";
				CODE_SIGN_STYLE = Automatic;
				DEVELOPMENT_TEAM = YKW4K6F98F;
				INFOPLIST_FILE = UITestRecipeTests/Info.plist;
				IPHONEOS_DEPLOYMENT_TARGET = 13.2;
				LD_RUNPATH_SEARCH_PATHS = (
					"$(inherited)",
					"@executable_path/Frameworks",
					"@loader_path/Frameworks",
				);
				PRODUCT_BUNDLE_IDENTIFIER = de.hshl.isd.UITestRecipeTests;
				PRODUCT_NAME = "$(TARGET_NAME)";
				SWIFT_VERSION = 5.0;
				TARGETED_DEVICE_FAMILY = "1,2";
				TEST_HOST = "$(BUILT_PRODUCTS_DIR)/UITestRecipe.app/UITestRecipe";
			};
			name = Release;
		};
		6FC0292623FAE646003DFE0F /* Debug */ = {
			isa = XCBuildConfiguration;
			buildSettings = {
				ALWAYS_EMBED_SWIFT_STANDARD_LIBRARIES = YES;
				CODE_SIGN_STYLE = Automatic;
				DEVELOPMENT_TEAM = YKW4K6F98F;
				INFOPLIST_FILE = UITestRecipeUITests/Info.plist;
				LD_RUNPATH_SEARCH_PATHS = (
					"$(inherited)",
					"@executable_path/Frameworks",
					"@loader_path/Frameworks",
				);
				PRODUCT_BUNDLE_IDENTIFIER = de.hshl.isd.UITestRecipeUITests;
				PRODUCT_NAME = "$(TARGET_NAME)";
				SWIFT_VERSION = 5.0;
				TARGETED_DEVICE_FAMILY = "1,2";
				TEST_TARGET_NAME = UITestRecipe;
			};
			name = Debug;
		};
		6FC0292723FAE646003DFE0F /* Release */ = {
			isa = XCBuildConfiguration;
			buildSettings = {
				ALWAYS_EMBED_SWIFT_STANDARD_LIBRARIES = YES;
				CODE_SIGN_STYLE = Automatic;
				DEVELOPMENT_TEAM = YKW4K6F98F;
				INFOPLIST_FILE = UITestRecipeUITests/Info.plist;
				LD_RUNPATH_SEARCH_PATHS = (
					"$(inherited)",
					"@executable_path/Frameworks",
					"@loader_path/Frameworks",
				);
				PRODUCT_BUNDLE_IDENTIFIER = de.hshl.isd.UITestRecipeUITests;
				PRODUCT_NAME = "$(TARGET_NAME)";
				SWIFT_VERSION = 5.0;
				TARGETED_DEVICE_FAMILY = "1,2";
				TEST_TARGET_NAME = UITestRecipe;
			};
			name = Release;
		};
/* End XCBuildConfiguration section */

/* Begin XCConfigurationList section */
		6FC028F023FAE63C003DFE0F /* Build configuration list for PBXProject "UITestRecipe" */ = {
			isa = XCConfigurationList;
			buildConfigurations = (
				6FC0291D23FAE646003DFE0F /* Debug */,
				6FC0291E23FAE646003DFE0F /* Release */,
			);
			defaultConfigurationIsVisible = 0;
			defaultConfigurationName = Release;
		};
		6FC0291F23FAE646003DFE0F /* Build configuration list for PBXNativeTarget "UITestRecipe" */ = {
			isa = XCConfigurationList;
			buildConfigurations = (
				6FC0292023FAE646003DFE0F /* Debug */,
				6FC0292123FAE646003DFE0F /* Release */,
			);
			defaultConfigurationIsVisible = 0;
			defaultConfigurationName = Release;
		};
		6FC0292223FAE646003DFE0F /* Build configuration list for PBXNativeTarget "UITestRecipeTests" */ = {
			isa = XCConfigurationList;
			buildConfigurations = (
				6FC0292323FAE646003DFE0F /* Debug */,
				6FC0292423FAE646003DFE0F /* Release */,
			);
			defaultConfigurationIsVisible = 0;
			defaultConfigurationName = Release;
		};
		6FC0292523FAE646003DFE0F /* Build configuration list for PBXNativeTarget "UITestRecipeUITests" */ = {
			isa = XCConfigurationList;
			buildConfigurations = (
				6FC0292623FAE646003DFE0F /* Debug */,
				6FC0292723FAE646003DFE0F /* Release */,
			);
			defaultConfigurationIsVisible = 0;
			defaultConfigurationName = Release;
		};
/* End XCConfigurationList section */
	};
	rootObject = 6FC028ED23FAE63C003DFE0F /* Project object */;
}
