// !$*UTF8*$!
{
	archiveVersion = 1;
	classes = {
	};
	objectVersion = 50;
	objects = {

/* Begin PBXBuildFile section */
		6FBFAEC623D8519C00DEE6E8 /* AppDelegate.swift in Sources */ = {isa = PBXBuildFile; fileRef = 6FBFAEC523D8519C00DEE6E8 /* AppDelegate.swift */; };
		6FBFAEC823D8519C00DEE6E8 /* SceneDelegate.swift in Sources */ = {isa = PBXBuildFile; fileRef = 6FBFAEC723D8519C00DEE6E8 /* SceneDelegate.swift */; };
		6FBFAECA23D8519C00DEE6E8 /* ContentView.swift in Sources */ = {isa = PBXBuildFile; fileRef = 6FBFAEC923D8519C00DEE6E8 /* ContentView.swift */; };
		6FBFAECC23D851A100DEE6E8 /* Assets.xcassets in Resources */ = {isa = PBXBuildFile; fileRef = 6FBFAECB23D851A100DEE6E8 /* Assets.xcassets */; };
		6FBFAECF23D851A100DEE6E8 /* Preview Assets.xcassets in Resources */ = {isa = PBXBuildFile; fileRef = 6FBFAECE23D851A100DEE6E8 /* Preview Assets.xcassets */; };
		6FBFAED223D851A100DEE6E8 /* LaunchScreen.storyboard in Resources */ = {isa = PBXBuildFile; fileRef = 6FBFAED023D851A100DEE6E8 /* LaunchScreen.storyboard */; };
		6FBFAEDD23D851A200DEE6E8 /* ListRecipeTests.swift in Sources */ = {isa = PBXBuildFile; fileRef = 6FBFAEDC23D851A200DEE6E8 /* ListRecipeTests.swift */; };
		6FBFAF0523D8536600DEE6E8 /* SectionListView.swift in Sources */ = {isa = PBXBuildFile; fileRef = 6FBFAEFC23D8536500DEE6E8 /* SectionListView.swift */; };
		6FBFAF0623D8536600DEE6E8 /* SimpleListView.swift in Sources */ = {isa = PBXBuildFile; fileRef = 6FBFAEFD23D8536500DEE6E8 /* SimpleListView.swift */; };
		6FBFAF0723D8536600DEE6E8 /* SearchListView.swift in Sources */ = {isa = PBXBuildFile; fileRef = 6FBFAEFE23D8536600DEE6E8 /* SearchListView.swift */; };
		6FBFAF0823D8536600DEE6E8 /* SearchBar.swift in Sources */ = {isa = PBXBuildFile; fileRef = 6FBFAEFF23D8536600DEE6E8 /* SearchBar.swift */; };
		6FBFAF0923D8536600DEE6E8 /* AddDeleteListView.swift in Sources */ = {isa = PBXBuildFile; fileRef = 6FBFAF0023D8536600DEE6E8 /* AddDeleteListView.swift */; };
		6FBFAF0A23D8536600DEE6E8 /* SubtitleRow.swift in Sources */ = {isa = PBXBuildFile; fileRef = 6FBFAF0123D8536600DEE6E8 /* SubtitleRow.swift */; };
		6FBFAF0B23D8536600DEE6E8 /* SectionViewModel.swift in Sources */ = {isa = PBXBuildFile; fileRef = 6FBFAF0223D8536600DEE6E8 /* SectionViewModel.swift */; };
		6FBFAF0C23D8536600DEE6E8 /* ItemViewModel.swift in Sources */ = {isa = PBXBuildFile; fileRef = 6FBFAF0323D8536600DEE6E8 /* ItemViewModel.swift */; };
		6FBFAF0D23D8536600DEE6E8 /* AddDeleteListViewModel.swift in Sources */ = {isa = PBXBuildFile; fileRef = 6FBFAF0423D8536600DEE6E8 /* AddDeleteListViewModel.swift */; };
		6FBFAF1223D853D200DEE6E8 /* Localizable.strings in Resources */ = {isa = PBXBuildFile; fileRef = 6FBFAF1123D853D200DEE6E8 /* Localizable.strings */; };
/* End PBXBuildFile section */

/* Begin PBXContainerItemProxy section */
		6FBFAED923D851A200DEE6E8 /* PBXContainerItemProxy */ = {
			isa = PBXContainerItemProxy;
			containerPortal = 6FBFAEBA23D8519C00DEE6E8 /* Project object */;
			proxyType = 1;
			remoteGlobalIDString = 6FBFAEC123D8519C00DEE6E8;
			remoteInfo = ListRecipe;
		};
/* End PBXContainerItemProxy section */

/* Begin PBXFileReference section */
		6FBFAEC223D8519C00DEE6E8 /* ListRecipe.app */ = {isa = PBXFileReference; explicitFileType = wrapper.application; includeInIndex = 0; path = ListRecipe.app; sourceTree = BUILT_PRODUCTS_DIR; };
		6FBFAEC523D8519C00DEE6E8 /* AppDelegate.swift */ = {isa = PBXFileReference; lastKnownFileType = sourcecode.swift; path = AppDelegate.swift; sourceTree = "<group>"; };
		6FBFAEC723D8519C00DEE6E8 /* SceneDelegate.swift */ = {isa = PBXFileReference; lastKnownFileType = sourcecode.swift; path = SceneDelegate.swift; sourceTree = "<group>"; };
		6FBFAEC923D8519C00DEE6E8 /* ContentView.swift */ = {isa = PBXFileReference; lastKnownFileType = sourcecode.swift; path = ContentView.swift; sourceTree = "<group>"; };
		6FBFAECB23D851A100DEE6E8 /* Assets.xcassets */ = {isa = PBXFileReference; lastKnownFileType = folder.assetcatalog; path = Assets.xcassets; sourceTree = "<group>"; };
		6FBFAECE23D851A100DEE6E8 /* Preview Assets.xcassets */ = {isa = PBXFileReference; lastKnownFileType = folder.assetcatalog; path = "Preview Assets.xcassets"; sourceTree = "<group>"; };
		6FBFAED123D851A100DEE6E8 /* Base */ = {isa = PBXFileReference; lastKnownFileType = file.storyboard; name = Base; path = Base.lproj/LaunchScreen.storyboard; sourceTree = "<group>"; };
		6FBFAED323D851A100DEE6E8 /* Info.plist */ = {isa = PBXFileReference; lastKnownFileType = text.plist.xml; path = Info.plist; sourceTree = "<group>"; };
		6FBFAED823D851A200DEE6E8 /* ListRecipeTests.xctest */ = {isa = PBXFileReference; explicitFileType = wrapper.cfbundle; includeInIndex = 0; path = ListRecipeTests.xctest; sourceTree = BUILT_PRODUCTS_DIR; };
		6FBFAEDC23D851A200DEE6E8 /* ListRecipeTests.swift */ = {isa = PBXFileReference; lastKnownFileType = sourcecode.swift; path = ListRecipeTests.swift; sourceTree = "<group>"; };
		6FBFAEDE23D851A200DEE6E8 /* Info.plist */ = {isa = PBXFileReference; lastKnownFileType = text.plist.xml; path = Info.plist; sourceTree = "<group>"; };
		6FBFAEFC23D8536500DEE6E8 /* SectionListView.swift */ = {isa = PBXFileReference; fileEncoding = 4; lastKnownFileType = sourcecode.swift; path = SectionListView.swift; sourceTree = "<group>"; };
		6FBFAEFD23D8536500DEE6E8 /* SimpleListView.swift */ = {isa = PBXFileReference; fileEncoding = 4; lastKnownFileType = sourcecode.swift; path = SimpleListView.swift; sourceTree = "<group>"; };
		6FBFAEFE23D8536600DEE6E8 /* SearchListView.swift */ = {isa = PBXFileReference; fileEncoding = 4; lastKnownFileType = sourcecode.swift; path = SearchListView.swift; sourceTree = "<group>"; };
		6FBFAEFF23D8536600DEE6E8 /* SearchBar.swift */ = {isa = PBXFileReference; fileEncoding = 4; lastKnownFileType = sourcecode.swift; path = SearchBar.swift; sourceTree = "<group>"; };
		6FBFAF0023D8536600DEE6E8 /* AddDeleteListView.swift */ = {isa = PBXFileReference; fileEncoding = 4; lastKnownFileType = sourcecode.swift; path = AddDeleteListView.swift; sourceTree = "<group>"; };
		6FBFAF0123D8536600DEE6E8 /* SubtitleRow.swift */ = {isa = PBXFileReference; fileEncoding = 4; lastKnownFileType = sourcecode.swift; path = SubtitleRow.swift; sourceTree = "<group>"; };
		6FBFAF0223D8536600DEE6E8 /* SectionViewModel.swift */ = {isa = PBXFileReference; fileEncoding = 4; lastKnownFileType = sourcecode.swift; path = SectionViewModel.swift; sourceTree = "<group>"; };
		6FBFAF0323D8536600DEE6E8 /* ItemViewModel.swift */ = {isa = PBXFileReference; fileEncoding = 4; lastKnownFileType = sourcecode.swift; path = ItemViewModel.swift; sourceTree = "<group>"; };
		6FBFAF0423D8536600DEE6E8 /* AddDeleteListViewModel.swift */ = {isa = PBXFileReference; fileEncoding = 4; lastKnownFileType = sourcecode.swift; path = AddDeleteListViewModel.swift; sourceTree = "<group>"; };
		6FBFAF1123D853D200DEE6E8 /* Localizable.strings */ = {isa = PBXFileReference; lastKnownFileType = text.plist.strings; path = Localizable.strings; sourceTree = "<group>"; };
/* End PBXFileReference section */

/* Begin PBXFrameworksBuildPhase section */
		6FBFAEBF23D8519C00DEE6E8 /* Frameworks */ = {
			isa = PBXFrameworksBuildPhase;
			buildActionMask = 2147483647;
			files = (
			);
			runOnlyForDeploymentPostprocessing = 0;
		};
		6FBFAED523D851A200DEE6E8 /* Frameworks */ = {
			isa = PBXFrameworksBuildPhase;
			buildActionMask = 2147483647;
			files = (
			);
			runOnlyForDeploymentPostprocessing = 0;
		};
/* End PBXFrameworksBuildPhase section */

/* Begin PBXGroup section */
		6FBFAEB923D8519C00DEE6E8 = {
			isa = PBXGroup;
			children = (
				6FBFAEC423D8519C00DEE6E8 /* ListRecipe */,
				6FBFAEDB23D851A200DEE6E8 /* ListRecipeTests */,
				6FBFAEC323D8519C00DEE6E8 /* Products */,
			);
			sourceTree = "<group>";
		};
		6FBFAEC323D8519C00DEE6E8 /* Products */ = {
			isa = PBXGroup;
			children = (
				6FBFAEC223D8519C00DEE6E8 /* ListRecipe.app */,
				6FBFAED823D851A200DEE6E8 /* ListRecipeTests.xctest */,
			);
			name = Products;
			sourceTree = "<group>";
		};
		6FBFAEC423D8519C00DEE6E8 /* ListRecipe */ = {
			isa = PBXGroup;
			children = (
				6FBFAEC523D8519C00DEE6E8 /* AppDelegate.swift */,
				6FBFAEC723D8519C00DEE6E8 /* SceneDelegate.swift */,
				6FBFAEC923D8519C00DEE6E8 /* ContentView.swift */,
				6FBFAECB23D851A100DEE6E8 /* Assets.xcassets */,
				6FBFAED023D851A100DEE6E8 /* LaunchScreen.storyboard */,
				6FBFAED323D851A100DEE6E8 /* Info.plist */,
				6FBFAF0023D8536600DEE6E8 /* AddDeleteListView.swift */,
				6FBFAF0423D8536600DEE6E8 /* AddDeleteListViewModel.swift */,
				6FBFAF0323D8536600DEE6E8 /* ItemViewModel.swift */,
				6FBFAEFF23D8536600DEE6E8 /* SearchBar.swift */,
				6FBFAEFE23D8536600DEE6E8 /* SearchListView.swift */,
				6FBFAEFC23D8536500DEE6E8 /* SectionListView.swift */,
				6FBFAF0223D8536600DEE6E8 /* SectionViewModel.swift */,
				6FBFAEFD23D8536500DEE6E8 /* SimpleListView.swift */,
				6FBFAF0123D8536600DEE6E8 /* SubtitleRow.swift */,
				6FBFAECD23D851A100DEE6E8 /* Preview Content */,
				6FBFAF1123D853D200DEE6E8 /* Localizable.strings */,
			);
			path = ListRecipe;
			sourceTree = "<group>";
		};
		6FBFAECD23D851A100DEE6E8 /* Preview Content */ = {
			isa = PBXGroup;
			children = (
				6FBFAECE23D851A100DEE6E8 /* Preview Assets.xcassets */,
			);
			path = "Preview Content";
			sourceTree = "<group>";
		};
		6FBFAEDB23D851A200DEE6E8 /* ListRecipeTests */ = {
			isa = PBXGroup;
			children = (
				6FBFAEDC23D851A200DEE6E8 /* ListRecipeTests.swift */,
				6FBFAEDE23D851A200DEE6E8 /* Info.plist */,
			);
			path = ListRecipeTests;
			sourceTree = "<group>";
		};
/* End PBXGroup section */

/* Begin PBXNativeTarget section */
		6FBFAEC123D8519C00DEE6E8 /* ListRecipe */ = {
			isa = PBXNativeTarget;
			buildConfigurationList = 6FBFAEE123D851A200DEE6E8 /* Build configuration list for PBXNativeTarget "ListRecipe" */;
			buildPhases = (
				6FBFAEBE23D8519C00DEE6E8 /* Sources */,
				6FBFAEBF23D8519C00DEE6E8 /* Frameworks */,
				6FBFAEC023D8519C00DEE6E8 /* Resources */,
			);
			buildRules = (
			);
			dependencies = (
			);
			name = ListRecipe;
			productName = ListRecipe;
			productReference = 6FBFAEC223D8519C00DEE6E8 /* ListRecipe.app */;
			productType = "com.apple.product-type.application";
		};
		6FBFAED723D851A200DEE6E8 /* ListRecipeTests */ = {
			isa = PBXNativeTarget;
			buildConfigurationList = 6FBFAEE423D851A200DEE6E8 /* Build configuration list for PBXNativeTarget "ListRecipeTests" */;
			buildPhases = (
				6FBFAED423D851A200DEE6E8 /* Sources */,
				6FBFAED523D851A200DEE6E8 /* Frameworks */,
				6FBFAED623D851A200DEE6E8 /* Resources */,
			);
			buildRules = (
			);
			dependencies = (
				6FBFAEDA23D851A200DEE6E8 /* PBXTargetDependency */,
			);
			name = ListRecipeTests;
			productName = ListRecipeTests;
			productReference = 6FBFAED823D851A200DEE6E8 /* ListRecipeTests.xctest */;
			productType = "com.apple.product-type.bundle.unit-test";
		};
/* End PBXNativeTarget section */

/* Begin PBXProject section */
		6FBFAEBA23D8519C00DEE6E8 /* Project object */ = {
			isa = PBXProject;
			attributes = {
				LastSwiftUpdateCheck = 1130;
				LastUpgradeCheck = 1130;
				ORGANIZATIONNAME = "Hochschule Hamm-Lippstadt";
				TargetAttributes = {
					6FBFAEC123D8519C00DEE6E8 = {
						CreatedOnToolsVersion = 11.3.1;
					};
					6FBFAED723D851A200DEE6E8 = {
						CreatedOnToolsVersion = 11.3.1;
						TestTargetID = 6FBFAEC123D8519C00DEE6E8;
					};
				};
			};
			buildConfigurationList = 6FBFAEBD23D8519C00DEE6E8 /* Build configuration list for PBXProject "ListRecipe" */;
			compatibilityVersion = "Xcode 9.3";
			developmentRegion = en;
			hasScannedForEncodings = 0;
			knownRegions = (
				en,
				Base,
			);
			mainGroup = 6FBFAEB923D8519C00DEE6E8;
			productRefGroup = 6FBFAEC323D8519C00DEE6E8 /* Products */;
			projectDirPath = "";
			projectRoot = "";
			targets = (
				6FBFAEC123D8519C00DEE6E8 /* ListRecipe */,
				6FBFAED723D851A200DEE6E8 /* ListRecipeTests */,
			);
		};
/* End PBXProject section */

/* Begin PBXResourcesBuildPhase section */
		6FBFAEC023D8519C00DEE6E8 /* Resources */ = {
			isa = PBXResourcesBuildPhase;
			buildActionMask = 2147483647;
			files = (
				6FBFAED223D851A100DEE6E8 /* LaunchScreen.storyboard in Resources */,
				6FBFAF1223D853D200DEE6E8 /* Localizable.strings in Resources */,
				6FBFAECF23D851A100DEE6E8 /* Preview Assets.xcassets in Resources */,
				6FBFAECC23D851A100DEE6E8 /* Assets.xcassets in Resources */,
			);
			runOnlyForDeploymentPostprocessing = 0;
		};
		6FBFAED623D851A200DEE6E8 /* Resources */ = {
			isa = PBXResourcesBuildPhase;
			buildActionMask = 2147483647;
			files = (
			);
			runOnlyForDeploymentPostprocessing = 0;
		};
/* End PBXResourcesBuildPhase section */

/* Begin PBXSourcesBuildPhase section */
		6FBFAEBE23D8519C00DEE6E8 /* Sources */ = {
			isa = PBXSourcesBuildPhase;
			buildActionMask = 2147483647;
			files = (
				6FBFAF0823D8536600DEE6E8 /* SearchBar.swift in Sources */,
				6FBFAF0723D8536600DEE6E8 /* SearchListView.swift in Sources */,
				6FBFAF0523D8536600DEE6E8 /* SectionListView.swift in Sources */,
				6FBFAF0C23D8536600DEE6E8 /* ItemViewModel.swift in Sources */,
				6FBFAEC623D8519C00DEE6E8 /* AppDelegate.swift in Sources */,
				6FBFAEC823D8519C00DEE6E8 /* SceneDelegate.swift in Sources */,
				6FBFAF0923D8536600DEE6E8 /* AddDeleteListView.swift in Sources */,
				6FBFAF0D23D8536600DEE6E8 /* AddDeleteListViewModel.swift in Sources */,
				6FBFAECA23D8519C00DEE6E8 /* ContentView.swift in Sources */,
				6FBFAF0623D8536600DEE6E8 /* SimpleListView.swift in Sources */,
				6FBFAF0B23D8536600DEE6E8 /* SectionViewModel.swift in Sources */,
				6FBFAF0A23D8536600DEE6E8 /* SubtitleRow.swift in Sources */,
			);
			runOnlyForDeploymentPostprocessing = 0;
		};
		6FBFAED423D851A200DEE6E8 /* Sources */ = {
			isa = PBXSourcesBuildPhase;
			buildActionMask = 2147483647;
			files = (
				6FBFAEDD23D851A200DEE6E8 /* ListRecipeTests.swift in Sources */,
			);
			runOnlyForDeploymentPostprocessing = 0;
		};
/* End PBXSourcesBuildPhase section */

/* Begin PBXTargetDependency section */
		6FBFAEDA23D851A200DEE6E8 /* PBXTargetDependency */ = {
			isa = PBXTargetDependency;
			target = 6FBFAEC123D8519C00DEE6E8 /* ListRecipe */;
			targetProxy = 6FBFAED923D851A200DEE6E8 /* PBXContainerItemProxy */;
		};
/* End PBXTargetDependency section */

/* Begin PBXVariantGroup section */
		6FBFAED023D851A100DEE6E8 /* LaunchScreen.storyboard */ = {
			isa = PBXVariantGroup;
			children = (
				6FBFAED123D851A100DEE6E8 /* Base */,
			);
			name = LaunchScreen.storyboard;
			sourceTree = "<group>";
		};
/* End PBXVariantGroup section */

/* Begin XCBuildConfiguration section */
		6FBFAEDF23D851A200DEE6E8 /* Debug */ = {
			isa = XCBuildConfiguration;
			buildSettings = {
				ALWAYS_SEARCH_USER_PATHS = NO;
				CLANG_ANALYZER_NONNULL = YES;
				CLANG_ANALYZER_NUMBER_OBJECT_CONVERSION = YES_AGGRESSIVE;
				CLANG_CXX_LANGUAGE_STANDARD = "gnu++14";
				CLANG_CXX_LIBRARY = "libc++";
				CLANG_ENABLE_MODULES = YES;
				CLANG_ENABLE_OBJC_ARC = YES;
				CLANG_ENABLE_OBJC_WEAK = YES;
				CLANG_WARN_BLOCK_CAPTURE_AUTORELEASING = YES;
				CLANG_WARN_BOOL_CONVERSION = YES;
				CLANG_WARN_COMMA = YES;
				CLANG_WARN_CONSTANT_CONVERSION = YES;
				CLANG_WARN_DEPRECATED_OBJC_IMPLEMENTATIONS = YES;
				CLANG_WARN_DIRECT_OBJC_ISA_USAGE = YES_ERROR;
				CLANG_WARN_DOCUMENTATION_COMMENTS = YES;
				CLANG_WARN_EMPTY_BODY = YES;
				CLANG_WARN_ENUM_CONVERSION = YES;
				CLANG_WARN_INFINITE_RECURSION = YES;
				CLANG_WARN_INT_CONVERSION = YES;
				CLANG_WARN_NON_LITERAL_NULL_CONVERSION = YES;
				CLANG_WARN_OBJC_IMPLICIT_RETAIN_SELF = YES;
				CLANG_WARN_OBJC_LITERAL_CONVERSION = YES;
				CLANG_WARN_OBJC_ROOT_CLASS = YES_ERROR;
				CLANG_WARN_RANGE_LOOP_ANALYSIS = YES;
				CLANG_WARN_STRICT_PROTOTYPES = YES;
				CLANG_WARN_SUSPICIOUS_MOVE = YES;
				CLANG_WARN_UNGUARDED_AVAILABILITY = YES_AGGRESSIVE;
				CLANG_WARN_UNREACHABLE_CODE = YES;
				CLANG_WARN__DUPLICATE_METHOD_MATCH = YES;
				COPY_PHASE_STRIP = NO;
				DEBUG_INFORMATION_FORMAT = dwarf;
				ENABLE_STRICT_OBJC_MSGSEND = YES;
				ENABLE_TESTABILITY = YES;
				GCC_C_LANGUAGE_STANDARD = gnu11;
				GCC_DYNAMIC_NO_PIC = NO;
				GCC_NO_COMMON_BLOCKS = YES;
				GCC_OPTIMIZATION_LEVEL = 0;
				GCC_PREPROCESSOR_DEFINITIONS = (
					"DEBUG=1",
					"$(inherited)",
				);
				GCC_WARN_64_TO_32_BIT_CONVERSION = YES;
				GCC_WARN_ABOUT_RETURN_TYPE = YES_ERROR;
				GCC_WARN_UNDECLARED_SELECTOR = YES;
				GCC_WARN_UNINITIALIZED_AUTOS = YES_AGGRESSIVE;
				GCC_WARN_UNUSED_FUNCTION = YES;
				GCC_WARN_UNUSED_VARIABLE = YES;
				IPHONEOS_DEPLOYMENT_TARGET = 13.2;
				MTL_ENABLE_DEBUG_INFO = INCLUDE_SOURCE;
				MTL_FAST_MATH = YES;
				ONLY_ACTIVE_ARCH = YES;
				SDKROOT = iphoneos;
				SWIFT_ACTIVE_COMPILATION_CONDITIONS = DEBUG;
				SWIFT_OPTIMIZATION_LEVEL = "-Onone";
			};
			name = Debug;
		};
		6FBFAEE023D851A200DEE6E8 /* Release */ = {
			isa = XCBuildConfiguration;
			buildSettings = {
				ALWAYS_SEARCH_USER_PATHS = NO;
				CLANG_ANALYZER_NONNULL = YES;
				CLANG_ANALYZER_NUMBER_OBJECT_CONVERSION = YES_AGGRESSIVE;
				CLANG_CXX_LANGUAGE_STANDARD = "gnu++14";
				CLANG_CXX_LIBRARY = "libc++";
				CLANG_ENABLE_MODULES = YES;
				CLANG_ENABLE_OBJC_ARC = YES;
				CLANG_ENABLE_OBJC_WEAK = YES;
				CLANG_WARN_BLOCK_CAPTURE_AUTORELEASING = YES;
				CLANG_WARN_BOOL_CONVERSION = YES;
				CLANG_WARN_COMMA = YES;
				CLANG_WARN_CONSTANT_CONVERSION = YES;
				CLANG_WARN_DEPRECATED_OBJC_IMPLEMENTATIONS = YES;
				CLANG_WARN_DIRECT_OBJC_ISA_USAGE = YES_ERROR;
				CLANG_WARN_DOCUMENTATION_COMMENTS = YES;
				CLANG_WARN_EMPTY_BODY = YES;
				CLANG_WARN_ENUM_CONVERSION = YES;
				CLANG_WARN_INFINITE_RECURSION = YES;
				CLANG_WARN_INT_CONVERSION = YES;
				CLANG_WARN_NON_LITERAL_NULL_CONVERSION = YES;
				CLANG_WARN_OBJC_IMPLICIT_RETAIN_SELF = YES;
				CLANG_WARN_OBJC_LITERAL_CONVERSION = YES;
				CLANG_WARN_OBJC_ROOT_CLASS = YES_ERROR;
				CLANG_WARN_RANGE_LOOP_ANALYSIS = YES;
				CLANG_WARN_STRICT_PROTOTYPES = YES;
				CLANG_WARN_SUSPICIOUS_MOVE = YES;
				CLANG_WARN_UNGUARDED_AVAILABILITY = YES_AGGRESSIVE;
				CLANG_WARN_UNREACHABLE_CODE = YES;
				CLANG_WARN__DUPLICATE_METHOD_MATCH = YES;
				COPY_PHASE_STRIP = NO;
				DEBUG_INFORMATION_FORMAT = "dwarf-with-dsym";
				ENABLE_NS_ASSERTIONS = NO;
				ENABLE_STRICT_OBJC_MSGSEND = YES;
				GCC_C_LANGUAGE_STANDARD = gnu11;
				GCC_NO_COMMON_BLOCKS = YES;
				GCC_WARN_64_TO_32_BIT_CONVERSION = YES;
				GCC_WARN_ABOUT_RETURN_TYPE = YES_ERROR;
				GCC_WARN_UNDECLARED_SELECTOR = YES;
				GCC_WARN_UNINITIALIZED_AUTOS = YES_AGGRESSIVE;
				GCC_WARN_UNUSED_FUNCTION = YES;
				GCC_WARN_UNUSED_VARIABLE = YES;
				IPHONEOS_DEPLOYMENT_TARGET = 13.2;
				MTL_ENABLE_DEBUG_INFO = NO;
				MTL_FAST_MATH = YES;
				SDKROOT = iphoneos;
				SWIFT_COMPILATION_MODE = wholemodule;
				SWIFT_OPTIMIZATION_LEVEL = "-O";
				VALIDATE_PRODUCT = YES;
			};
			name = Release;
		};
		6FBFAEE223D851A200DEE6E8 /* Debug */ = {
			isa = XCBuildConfiguration;
			buildSettings = {
				ASSETCATALOG_COMPILER_APPICON_NAME = AppIcon;
				CODE_SIGN_STYLE = Automatic;
				DEVELOPMENT_ASSET_PATHS = "\"ListRecipe/Preview Content\"";
				DEVELOPMENT_TEAM = YKW4K6F98F;
				ENABLE_PREVIEWS = YES;
				INFOPLIST_FILE = ListRecipe/Info.plist;
				LD_RUNPATH_SEARCH_PATHS = (
					"$(inherited)",
					"@executable_path/Frameworks",
				);
				PRODUCT_BUNDLE_IDENTIFIER = de.hshl.isd.ListRecipe;
				PRODUCT_NAME = "$(TARGET_NAME)";
				SWIFT_VERSION = 5.0;
				TARGETED_DEVICE_FAMILY = "1,2";
			};
			name = Debug;
		};
		6FBFAEE323D851A200DEE6E8 /* Release */ = {
			isa = XCBuildConfiguration;
			buildSettings = {
				ASSETCATALOG_COMPILER_APPICON_NAME = AppIcon;
				CODE_SIGN_STYLE = Automatic;
				DEVELOPMENT_ASSET_PATHS = "\"ListRecipe/Preview Content\"";
				DEVELOPMENT_TEAM = YKW4K6F98F;
				ENABLE_PREVIEWS = YES;
				INFOPLIST_FILE = ListRecipe/Info.plist;
				LD_RUNPATH_SEARCH_PATHS = (
					"$(inherited)",
					"@executable_path/Frameworks",
				);
				PRODUCT_BUNDLE_IDENTIFIER = de.hshl.isd.ListRecipe;
				PRODUCT_NAME = "$(TARGET_NAME)";
				SWIFT_VERSION = 5.0;
				TARGETED_DEVICE_FAMILY = "1,2";
			};
			name = Release;
		};
		6FBFAEE523D851A200DEE6E8 /* Debug */ = {
			isa = XCBuildConfiguration;
			buildSettings = {
				ALWAYS_EMBED_SWIFT_STANDARD_LIBRARIES = YES;
				BUNDLE_LOADER = "$(TEST_HOST)";
				CODE_SIGN_STYLE = Automatic;
				DEVELOPMENT_TEAM = YKW4K6F98F;
				INFOPLIST_FILE = ListRecipeTests/Info.plist;
				IPHONEOS_DEPLOYMENT_TARGET = 13.2;
				LD_RUNPATH_SEARCH_PATHS = (
					"$(inherited)",
					"@executable_path/Frameworks",
					"@loader_path/Frameworks",
				);
				PRODUCT_BUNDLE_IDENTIFIER = de.hshl.isd.ListRecipeTests;
				PRODUCT_NAME = "$(TARGET_NAME)";
				SWIFT_VERSION = 5.0;
				TARGETED_DEVICE_FAMILY = "1,2";
				TEST_HOST = "$(BUILT_PRODUCTS_DIR)/ListRecipe.app/ListRecipe";
			};
			name = Debug;
		};
		6FBFAEE623D851A200DEE6E8 /* Release */ = {
			isa = XCBuildConfiguration;
			buildSettings = {
				ALWAYS_EMBED_SWIFT_STANDARD_LIBRARIES = YES;
				BUNDLE_LOADER = "$(TEST_HOST)";
				CODE_SIGN_STYLE = Automatic;
				DEVELOPMENT_TEAM = YKW4K6F98F;
				INFOPLIST_FILE = ListRecipeTests/Info.plist;
				IPHONEOS_DEPLOYMENT_TARGET = 13.2;
				LD_RUNPATH_SEARCH_PATHS = (
					"$(inherited)",
					"@executable_path/Frameworks",
					"@loader_path/Frameworks",
				);
				PRODUCT_BUNDLE_IDENTIFIER = de.hshl.isd.ListRecipeTests;
				PRODUCT_NAME = "$(TARGET_NAME)";
				SWIFT_VERSION = 5.0;
				TARGETED_DEVICE_FAMILY = "1,2";
				TEST_HOST = "$(BUILT_PRODUCTS_DIR)/ListRecipe.app/ListRecipe";
			};
			name = Release;
		};
/* End XCBuildConfiguration section */

/* Begin XCConfigurationList section */
		6FBFAEBD23D8519C00DEE6E8 /* Build configuration list for PBXProject "ListRecipe" */ = {
			isa = XCConfigurationList;
			buildConfigurations = (
				6FBFAEDF23D851A200DEE6E8 /* Debug */,
				6FBFAEE023D851A200DEE6E8 /* Release */,
			);
			defaultConfigurationIsVisible = 0;
			defaultConfigurationName = Release;
		};
		6FBFAEE123D851A200DEE6E8 /* Build configuration list for PBXNativeTarget "ListRecipe" */ = {
			isa = XCConfigurationList;
			buildConfigurations = (
				6FBFAEE223D851A200DEE6E8 /* Debug */,
				6FBFAEE323D851A200DEE6E8 /* Release */,
			);
			defaultConfigurationIsVisible = 0;
			defaultConfigurationName = Release;
		};
		6FBFAEE423D851A200DEE6E8 /* Build configuration list for PBXNativeTarget "ListRecipeTests" */ = {
			isa = XCConfigurationList;
			buildConfigurations = (
				6FBFAEE523D851A200DEE6E8 /* Debug */,
				6FBFAEE623D851A200DEE6E8 /* Release */,
			);
			defaultConfigurationIsVisible = 0;
			defaultConfigurationName = Release;
		};
/* End XCConfigurationList section */
	};
	rootObject = 6FBFAEBA23D8519C00DEE6E8 /* Project object */;
}
