// !$*UTF8*$!
{
	archiveVersion = 1;
	classes = {
	};
	objectVersion = 50;
	objects = {

/* Begin PBXBuildFile section */
		6FD72C732508CD7D00F73137 /* AppDelegate.swift in Sources */ = {isa = PBXBuildFile; fileRef = 6FD72C722508CD7D00F73137 /* AppDelegate.swift */; };
		6FD72C752508CD7D00F73137 /* SceneDelegate.swift in Sources */ = {isa = PBXBuildFile; fileRef = 6FD72C742508CD7D00F73137 /* SceneDelegate.swift */; };
		6FD72C772508CD7D00F73137 /* ContentView.swift in Sources */ = {isa = PBXBuildFile; fileRef = 6FD72C762508CD7D00F73137 /* ContentView.swift */; };
		6FD72C792508CD7E00F73137 /* Assets.xcassets in Resources */ = {isa = PBXBuildFile; fileRef = 6FD72C782508CD7E00F73137 /* Assets.xcassets */; };
		6FD72C7C2508CD7E00F73137 /* Preview Assets.xcassets in Resources */ = {isa = PBXBuildFile; fileRef = 6FD72C7B2508CD7E00F73137 /* Preview Assets.xcassets */; };
		6FD72C7F2508CD7E00F73137 /* LaunchScreen.storyboard in Resources */ = {isa = PBXBuildFile; fileRef = 6FD72C7D2508CD7E00F73137 /* LaunchScreen.storyboard */; };
		6FD72C8A2508CD7E00F73137 /* MVUTests.swift in Sources */ = {isa = PBXBuildFile; fileRef = 6FD72C892508CD7E00F73137 /* MVUTests.swift */; };
		6FD72C952508CD7E00F73137 /* MVUUITests.swift in Sources */ = {isa = PBXBuildFile; fileRef = 6FD72C942508CD7E00F73137 /* MVUUITests.swift */; };
		6FD72CA32508CDCA00F73137 /* ContentViewModel.swift in Sources */ = {isa = PBXBuildFile; fileRef = 6FD72CA22508CDCA00F73137 /* ContentViewModel.swift */; };
/* End PBXBuildFile section */

/* Begin PBXContainerItemProxy section */
		6FD72C862508CD7E00F73137 /* PBXContainerItemProxy */ = {
			isa = PBXContainerItemProxy;
			containerPortal = 6FD72C672508CD7D00F73137 /* Project object */;
			proxyType = 1;
			remoteGlobalIDString = 6FD72C6E2508CD7D00F73137;
			remoteInfo = MVU;
		};
		6FD72C912508CD7E00F73137 /* PBXContainerItemProxy */ = {
			isa = PBXContainerItemProxy;
			containerPortal = 6FD72C672508CD7D00F73137 /* Project object */;
			proxyType = 1;
			remoteGlobalIDString = 6FD72C6E2508CD7D00F73137;
			remoteInfo = MVU;
		};
/* End PBXContainerItemProxy section */

/* Begin PBXFileReference section */
		6FD72C6F2508CD7D00F73137 /* MVU.app */ = {isa = PBXFileReference; explicitFileType = wrapper.application; includeInIndex = 0; path = MVU.app; sourceTree = BUILT_PRODUCTS_DIR; };
		6FD72C722508CD7D00F73137 /* AppDelegate.swift */ = {isa = PBXFileReference; lastKnownFileType = sourcecode.swift; path = AppDelegate.swift; sourceTree = "<group>"; };
		6FD72C742508CD7D00F73137 /* SceneDelegate.swift */ = {isa = PBXFileReference; lastKnownFileType = sourcecode.swift; path = SceneDelegate.swift; sourceTree = "<group>"; };
		6FD72C762508CD7D00F73137 /* ContentView.swift */ = {isa = PBXFileReference; lastKnownFileType = sourcecode.swift; path = ContentView.swift; sourceTree = "<group>"; };
		6FD72C782508CD7E00F73137 /* Assets.xcassets */ = {isa = PBXFileReference; lastKnownFileType = folder.assetcatalog; path = Assets.xcassets; sourceTree = "<group>"; };
		6FD72C7B2508CD7E00F73137 /* Preview Assets.xcassets */ = {isa = PBXFileReference; lastKnownFileType = folder.assetcatalog; path = "Preview Assets.xcassets"; sourceTree = "<group>"; };
		6FD72C7E2508CD7E00F73137 /* Base */ = {isa = PBXFileReference; lastKnownFileType = file.storyboard; name = Base; path = Base.lproj/LaunchScreen.storyboard; sourceTree = "<group>"; };
		6FD72C802508CD7E00F73137 /* Info.plist */ = {isa = PBXFileReference; lastKnownFileType = text.plist.xml; path = Info.plist; sourceTree = "<group>"; };
		6FD72C852508CD7E00F73137 /* MVUTests.xctest */ = {isa = PBXFileReference; explicitFileType = wrapper.cfbundle; includeInIndex = 0; path = MVUTests.xctest; sourceTree = BUILT_PRODUCTS_DIR; };
		6FD72C892508CD7E00F73137 /* MVUTests.swift */ = {isa = PBXFileReference; lastKnownFileType = sourcecode.swift; path = MVUTests.swift; sourceTree = "<group>"; };
		6FD72C8B2508CD7E00F73137 /* Info.plist */ = {isa = PBXFileReference; lastKnownFileType = text.plist.xml; path = Info.plist; sourceTree = "<group>"; };
		6FD72C902508CD7E00F73137 /* MVUUITests.xctest */ = {isa = PBXFileReference; explicitFileType = wrapper.cfbundle; includeInIndex = 0; path = MVUUITests.xctest; sourceTree = BUILT_PRODUCTS_DIR; };
		6FD72C942508CD7E00F73137 /* MVUUITests.swift */ = {isa = PBXFileReference; lastKnownFileType = sourcecode.swift; path = MVUUITests.swift; sourceTree = "<group>"; };
		6FD72C962508CD7E00F73137 /* Info.plist */ = {isa = PBXFileReference; lastKnownFileType = text.plist.xml; path = Info.plist; sourceTree = "<group>"; };
		6FD72CA22508CDCA00F73137 /* ContentViewModel.swift */ = {isa = PBXFileReference; lastKnownFileType = sourcecode.swift; path = ContentViewModel.swift; sourceTree = "<group>"; };
/* End PBXFileReference section */

/* Begin PBXFrameworksBuildPhase section */
		6FD72C6C2508CD7D00F73137 /* Frameworks */ = {
			isa = PBXFrameworksBuildPhase;
			buildActionMask = 2147483647;
			files = (
			);
			runOnlyForDeploymentPostprocessing = 0;
		};
		6FD72C822508CD7E00F73137 /* Frameworks */ = {
			isa = PBXFrameworksBuildPhase;
			buildActionMask = 2147483647;
			files = (
			);
			runOnlyForDeploymentPostprocessing = 0;
		};
		6FD72C8D2508CD7E00F73137 /* Frameworks */ = {
			isa = PBXFrameworksBuildPhase;
			buildActionMask = 2147483647;
			files = (
			);
			runOnlyForDeploymentPostprocessing = 0;
		};
/* End PBXFrameworksBuildPhase section */

/* Begin PBXGroup section */
		6FD72C662508CD7D00F73137 = {
			isa = PBXGroup;
			children = (
				6FD72C712508CD7D00F73137 /* MVU */,
				6FD72C882508CD7E00F73137 /* MVUTests */,
				6FD72C932508CD7E00F73137 /* MVUUITests */,
				6FD72C702508CD7D00F73137 /* Products */,
			);
			sourceTree = "<group>";
		};
		6FD72C702508CD7D00F73137 /* Products */ = {
			isa = PBXGroup;
			children = (
				6FD72C6F2508CD7D00F73137 /* MVU.app */,
				6FD72C852508CD7E00F73137 /* MVUTests.xctest */,
				6FD72C902508CD7E00F73137 /* MVUUITests.xctest */,
			);
			name = Products;
			sourceTree = "<group>";
		};
		6FD72C712508CD7D00F73137 /* MVU */ = {
			isa = PBXGroup;
			children = (
				6FD72C722508CD7D00F73137 /* AppDelegate.swift */,
				6FD72C742508CD7D00F73137 /* SceneDelegate.swift */,
				6FD72C762508CD7D00F73137 /* ContentView.swift */,
				6FD72C782508CD7E00F73137 /* Assets.xcassets */,
				6FD72C7D2508CD7E00F73137 /* LaunchScreen.storyboard */,
				6FD72C802508CD7E00F73137 /* Info.plist */,
				6FD72C7A2508CD7E00F73137 /* Preview Content */,
				6FD72CA22508CDCA00F73137 /* ContentViewModel.swift */,
			);
			path = MVU;
			sourceTree = "<group>";
		};
		6FD72C7A2508CD7E00F73137 /* Preview Content */ = {
			isa = PBXGroup;
			children = (
				6FD72C7B2508CD7E00F73137 /* Preview Assets.xcassets */,
			);
			path = "Preview Content";
			sourceTree = "<group>";
		};
		6FD72C882508CD7E00F73137 /* MVUTests */ = {
			isa = PBXGroup;
			children = (
				6FD72C892508CD7E00F73137 /* MVUTests.swift */,
				6FD72C8B2508CD7E00F73137 /* Info.plist */,
			);
			path = MVUTests;
			sourceTree = "<group>";
		};
		6FD72C932508CD7E00F73137 /* MVUUITests */ = {
			isa = PBXGroup;
			children = (
				6FD72C942508CD7E00F73137 /* MVUUITests.swift */,
				6FD72C962508CD7E00F73137 /* Info.plist */,
			);
			path = MVUUITests;
			sourceTree = "<group>";
		};
/* End PBXGroup section */

/* Begin PBXNativeTarget section */
		6FD72C6E2508CD7D00F73137 /* MVU */ = {
			isa = PBXNativeTarget;
			buildConfigurationList = 6FD72C992508CD7E00F73137 /* Build configuration list for PBXNativeTarget "MVU" */;
			buildPhases = (
				6FD72C6B2508CD7D00F73137 /* Sources */,
				6FD72C6C2508CD7D00F73137 /* Frameworks */,
				6FD72C6D2508CD7D00F73137 /* Resources */,
			);
			buildRules = (
			);
			dependencies = (
			);
			name = MVU;
			productName = MVU;
			productReference = 6FD72C6F2508CD7D00F73137 /* MVU.app */;
			productType = "com.apple.product-type.application";
		};
		6FD72C842508CD7E00F73137 /* MVUTests */ = {
			isa = PBXNativeTarget;
			buildConfigurationList = 6FD72C9C2508CD7E00F73137 /* Build configuration list for PBXNativeTarget "MVUTests" */;
			buildPhases = (
				6FD72C812508CD7E00F73137 /* Sources */,
				6FD72C822508CD7E00F73137 /* Frameworks */,
				6FD72C832508CD7E00F73137 /* Resources */,
			);
			buildRules = (
			);
			dependencies = (
				6FD72C872508CD7E00F73137 /* PBXTargetDependency */,
			);
			name = MVUTests;
			productName = MVUTests;
			productReference = 6FD72C852508CD7E00F73137 /* MVUTests.xctest */;
			productType = "com.apple.product-type.bundle.unit-test";
		};
		6FD72C8F2508CD7E00F73137 /* MVUUITests */ = {
			isa = PBXNativeTarget;
			buildConfigurationList = 6FD72C9F2508CD7E00F73137 /* Build configuration list for PBXNativeTarget "MVUUITests" */;
			buildPhases = (
				6FD72C8C2508CD7E00F73137 /* Sources */,
				6FD72C8D2508CD7E00F73137 /* Frameworks */,
				6FD72C8E2508CD7E00F73137 /* Resources */,
			);
			buildRules = (
			);
			dependencies = (
				6FD72C922508CD7E00F73137 /* PBXTargetDependency */,
			);
			name = MVUUITests;
			productName = MVUUITests;
			productReference = 6FD72C902508CD7E00F73137 /* MVUUITests.xctest */;
			productType = "com.apple.product-type.bundle.ui-testing";
		};
/* End PBXNativeTarget section */

/* Begin PBXProject section */
		6FD72C672508CD7D00F73137 /* Project object */ = {
			isa = PBXProject;
			attributes = {
				LastSwiftUpdateCheck = 1170;
				LastUpgradeCheck = 1170;
				ORGANIZATIONNAME = "Hochschule Hamm-Lippstadt";
				TargetAttributes = {
					6FD72C6E2508CD7D00F73137 = {
						CreatedOnToolsVersion = 11.7;
					};
					6FD72C842508CD7E00F73137 = {
						CreatedOnToolsVersion = 11.7;
						TestTargetID = 6FD72C6E2508CD7D00F73137;
					};
					6FD72C8F2508CD7E00F73137 = {
						CreatedOnToolsVersion = 11.7;
						TestTargetID = 6FD72C6E2508CD7D00F73137;
					};
				};
			};
			buildConfigurationList = 6FD72C6A2508CD7D00F73137 /* Build configuration list for PBXProject "MVU" */;
			compatibilityVersion = "Xcode 9.3";
			developmentRegion = en;
			hasScannedForEncodings = 0;
			knownRegions = (
				en,
				Base,
			);
			mainGroup = 6FD72C662508CD7D00F73137;
			productRefGroup = 6FD72C702508CD7D00F73137 /* Products */;
			projectDirPath = "";
			projectRoot = "";
			targets = (
				6FD72C6E2508CD7D00F73137 /* MVU */,
				6FD72C842508CD7E00F73137 /* MVUTests */,
				6FD72C8F2508CD7E00F73137 /* MVUUITests */,
			);
		};
/* End PBXProject section */

/* Begin PBXResourcesBuildPhase section */
		6FD72C6D2508CD7D00F73137 /* Resources */ = {
			isa = PBXResourcesBuildPhase;
			buildActionMask = 2147483647;
			files = (
				6FD72C7F2508CD7E00F73137 /* LaunchScreen.storyboard in Resources */,
				6FD72C7C2508CD7E00F73137 /* Preview Assets.xcassets in Resources */,
				6FD72C792508CD7E00F73137 /* Assets.xcassets in Resources */,
			);
			runOnlyForDeploymentPostprocessing = 0;
		};
		6FD72C832508CD7E00F73137 /* Resources */ = {
			isa = PBXResourcesBuildPhase;
			buildActionMask = 2147483647;
			files = (
			);
			runOnlyForDeploymentPostprocessing = 0;
		};
		6FD72C8E2508CD7E00F73137 /* Resources */ = {
			isa = PBXResourcesBuildPhase;
			buildActionMask = 2147483647;
			files = (
			);
			runOnlyForDeploymentPostprocessing = 0;
		};
/* End PBXResourcesBuildPhase section */

/* Begin PBXSourcesBuildPhase section */
		6FD72C6B2508CD7D00F73137 /* Sources */ = {
			isa = PBXSourcesBuildPhase;
			buildActionMask = 2147483647;
			files = (
				6FD72CA32508CDCA00F73137 /* ContentViewModel.swift in Sources */,
				6FD72C732508CD7D00F73137 /* AppDelegate.swift in Sources */,
				6FD72C752508CD7D00F73137 /* SceneDelegate.swift in Sources */,
				6FD72C772508CD7D00F73137 /* ContentView.swift in Sources */,
			);
			runOnlyForDeploymentPostprocessing = 0;
		};
		6FD72C812508CD7E00F73137 /* Sources */ = {
			isa = PBXSourcesBuildPhase;
			buildActionMask = 2147483647;
			files = (
				6FD72C8A2508CD7E00F73137 /* MVUTests.swift in Sources */,
			);
			runOnlyForDeploymentPostprocessing = 0;
		};
		6FD72C8C2508CD7E00F73137 /* Sources */ = {
			isa = PBXSourcesBuildPhase;
			buildActionMask = 2147483647;
			files = (
				6FD72C952508CD7E00F73137 /* MVUUITests.swift in Sources */,
			);
			runOnlyForDeploymentPostprocessing = 0;
		};
/* End PBXSourcesBuildPhase section */

/* Begin PBXTargetDependency section */
		6FD72C872508CD7E00F73137 /* PBXTargetDependency */ = {
			isa = PBXTargetDependency;
			target = 6FD72C6E2508CD7D00F73137 /* MVU */;
			targetProxy = 6FD72C862508CD7E00F73137 /* PBXContainerItemProxy */;
		};
		6FD72C922508CD7E00F73137 /* PBXTargetDependency */ = {
			isa = PBXTargetDependency;
			target = 6FD72C6E2508CD7D00F73137 /* MVU */;
			targetProxy = 6FD72C912508CD7E00F73137 /* PBXContainerItemProxy */;
		};
/* End PBXTargetDependency section */

/* Begin PBXVariantGroup section */
		6FD72C7D2508CD7E00F73137 /* LaunchScreen.storyboard */ = {
			isa = PBXVariantGroup;
			children = (
				6FD72C7E2508CD7E00F73137 /* Base */,
			);
			name = LaunchScreen.storyboard;
			sourceTree = "<group>";
		};
/* End PBXVariantGroup section */

/* Begin XCBuildConfiguration section */
		6FD72C972508CD7E00F73137 /* Debug */ = {
			isa = XCBuildConfiguration;
			buildSettings = {
				ALWAYS_SEARCH_USER_PATHS = NO;
				CLANG_ANALYZER_NONNULL = YES;
				CLANG_ANALYZER_NUMBER_OBJECT_CONVERSION = YES_AGGRESSIVE;
				CLANG_CXX_LANGUAGE_STANDARD = "gnu++14";
				CLANG_CXX_LIBRARY = "libc++";
				CLANG_ENABLE_MODULES = YES;
				CLANG_ENABLE_OBJC_ARC = YES;
				CLANG_ENABLE_OBJC_WEAK = YES;
				CLANG_WARN_BLOCK_CAPTURE_AUTORELEASING = YES;
				CLANG_WARN_BOOL_CONVERSION = YES;
				CLANG_WARN_COMMA = YES;
				CLANG_WARN_CONSTANT_CONVERSION = YES;
				CLANG_WARN_DEPRECATED_OBJC_IMPLEMENTATIONS = YES;
				CLANG_WARN_DIRECT_OBJC_ISA_USAGE = YES_ERROR;
				CLANG_WARN_DOCUMENTATION_COMMENTS = YES;
				CLANG_WARN_EMPTY_BODY = YES;
				CLANG_WARN_ENUM_CONVERSION = YES;
				CLANG_WARN_INFINITE_RECURSION = YES;
				CLANG_WARN_INT_CONVERSION = YES;
				CLANG_WARN_NON_LITERAL_NULL_CONVERSION = YES;
				CLANG_WARN_OBJC_IMPLICIT_RETAIN_SELF = YES;
				CLANG_WARN_OBJC_LITERAL_CONVERSION = YES;
				CLANG_WARN_OBJC_ROOT_CLASS = YES_ERROR;
				CLANG_WARN_RANGE_LOOP_ANALYSIS = YES;
				CLANG_WARN_STRICT_PROTOTYPES = YES;
				CLANG_WARN_SUSPICIOUS_MOVE = YES;
				CLANG_WARN_UNGUARDED_AVAILABILITY = YES_AGGRESSIVE;
				CLANG_WARN_UNREACHABLE_CODE = YES;
				CLANG_WARN__DUPLICATE_METHOD_MATCH = YES;
				COPY_PHASE_STRIP = NO;
				DEBUG_INFORMATION_FORMAT = dwarf;
				ENABLE_STRICT_OBJC_MSGSEND = YES;
				ENABLE_TESTABILITY = YES;
				GCC_C_LANGUAGE_STANDARD = gnu11;
				GCC_DYNAMIC_NO_PIC = NO;
				GCC_NO_COMMON_BLOCKS = YES;
				GCC_OPTIMIZATION_LEVEL = 0;
				GCC_PREPROCESSOR_DEFINITIONS = (
					"DEBUG=1",
					"$(inherited)",
				);
				GCC_WARN_64_TO_32_BIT_CONVERSION = YES;
				GCC_WARN_ABOUT_RETURN_TYPE = YES_ERROR;
				GCC_WARN_UNDECLARED_SELECTOR = YES;
				GCC_WARN_UNINITIALIZED_AUTOS = YES_AGGRESSIVE;
				GCC_WARN_UNUSED_FUNCTION = YES;
				GCC_WARN_UNUSED_VARIABLE = YES;
				IPHONEOS_DEPLOYMENT_TARGET = 14.0;
				MTL_ENABLE_DEBUG_INFO = INCLUDE_SOURCE;
				MTL_FAST_MATH = YES;
				ONLY_ACTIVE_ARCH = YES;
				SDKROOT = iphoneos;
				SWIFT_ACTIVE_COMPILATION_CONDITIONS = DEBUG;
				SWIFT_OPTIMIZATION_LEVEL = "-Onone";
			};
			name = Debug;
		};
		6FD72C982508CD7E00F73137 /* Release */ = {
			isa = XCBuildConfiguration;
			buildSettings = {
				ALWAYS_SEARCH_USER_PATHS = NO;
				CLANG_ANALYZER_NONNULL = YES;
				CLANG_ANALYZER_NUMBER_OBJECT_CONVERSION = YES_AGGRESSIVE;
				CLANG_CXX_LANGUAGE_STANDARD = "gnu++14";
				CLANG_CXX_LIBRARY = "libc++";
				CLANG_ENABLE_MODULES = YES;
				CLANG_ENABLE_OBJC_ARC = YES;
				CLANG_ENABLE_OBJC_WEAK = YES;
				CLANG_WARN_BLOCK_CAPTURE_AUTORELEASING = YES;
				CLANG_WARN_BOOL_CONVERSION = YES;
				CLANG_WARN_COMMA = YES;
				CLANG_WARN_CONSTANT_CONVERSION = YES;
				CLANG_WARN_DEPRECATED_OBJC_IMPLEMENTATIONS = YES;
				CLANG_WARN_DIRECT_OBJC_ISA_USAGE = YES_ERROR;
				CLANG_WARN_DOCUMENTATION_COMMENTS = YES;
				CLANG_WARN_EMPTY_BODY = YES;
				CLANG_WARN_ENUM_CONVERSION = YES;
				CLANG_WARN_INFINITE_RECURSION = YES;
				CLANG_WARN_INT_CONVERSION = YES;
				CLANG_WARN_NON_LITERAL_NULL_CONVERSION = YES;
				CLANG_WARN_OBJC_IMPLICIT_RETAIN_SELF = YES;
				CLANG_WARN_OBJC_LITERAL_CONVERSION = YES;
				CLANG_WARN_OBJC_ROOT_CLASS = YES_ERROR;
				CLANG_WARN_RANGE_LOOP_ANALYSIS = YES;
				CLANG_WARN_STRICT_PROTOTYPES = YES;
				CLANG_WARN_SUSPICIOUS_MOVE = YES;
				CLANG_WARN_UNGUARDED_AVAILABILITY = YES_AGGRESSIVE;
				CLANG_WARN_UNREACHABLE_CODE = YES;
				CLANG_WARN__DUPLICATE_METHOD_MATCH = YES;
				COPY_PHASE_STRIP = NO;
				DEBUG_INFORMATION_FORMAT = "dwarf-with-dsym";
				ENABLE_NS_ASSERTIONS = NO;
				ENABLE_STRICT_OBJC_MSGSEND = YES;
				GCC_C_LANGUAGE_STANDARD = gnu11;
				GCC_NO_COMMON_BLOCKS = YES;
				GCC_WARN_64_TO_32_BIT_CONVERSION = YES;
				GCC_WARN_ABOUT_RETURN_TYPE = YES_ERROR;
				GCC_WARN_UNDECLARED_SELECTOR = YES;
				GCC_WARN_UNINITIALIZED_AUTOS = YES_AGGRESSIVE;
				GCC_WARN_UNUSED_FUNCTION = YES;
				GCC_WARN_UNUSED_VARIABLE = YES;
				IPHONEOS_DEPLOYMENT_TARGET = 14.0;
				MTL_ENABLE_DEBUG_INFO = NO;
				MTL_FAST_MATH = YES;
				SDKROOT = iphoneos;
				SWIFT_COMPILATION_MODE = wholemodule;
				SWIFT_OPTIMIZATION_LEVEL = "-O";
				VALIDATE_PRODUCT = YES;
			};
			name = Release;
		};
		6FD72C9A2508CD7E00F73137 /* Debug */ = {
			isa = XCBuildConfiguration;
			buildSettings = {
				ASSETCATALOG_COMPILER_APPICON_NAME = AppIcon;
				CODE_SIGN_STYLE = Automatic;
				DEVELOPMENT_ASSET_PATHS = "\"MVU/Preview Content\"";
				DEVELOPMENT_TEAM = YKW4K6F98F;
				ENABLE_PREVIEWS = YES;
				INFOPLIST_FILE = MVU/Info.plist;
				LD_RUNPATH_SEARCH_PATHS = (
					"$(inherited)",
					"@executable_path/Frameworks",
				);
				PRODUCT_BUNDLE_IDENTIFIER = de.hshl.isd.MVU;
				PRODUCT_NAME = "$(TARGET_NAME)";
				SWIFT_VERSION = 5.0;
				TARGETED_DEVICE_FAMILY = "1,2";
			};
			name = Debug;
		};
		6FD72C9B2508CD7E00F73137 /* Release */ = {
			isa = XCBuildConfiguration;
			buildSettings = {
				ASSETCATALOG_COMPILER_APPICON_NAME = AppIcon;
				CODE_SIGN_STYLE = Automatic;
				DEVELOPMENT_ASSET_PATHS = "\"MVU/Preview Content\"";
				DEVELOPMENT_TEAM = YKW4K6F98F;
				ENABLE_PREVIEWS = YES;
				INFOPLIST_FILE = MVU/Info.plist;
				LD_RUNPATH_SEARCH_PATHS = (
					"$(inherited)",
					"@executable_path/Frameworks",
				);
				PRODUCT_BUNDLE_IDENTIFIER = de.hshl.isd.MVU;
				PRODUCT_NAME = "$(TARGET_NAME)";
				SWIFT_VERSION = 5.0;
				TARGETED_DEVICE_FAMILY = "1,2";
			};
			name = Release;
		};
		6FD72C9D2508CD7E00F73137 /* Debug */ = {
			isa = XCBuildConfiguration;
			buildSettings = {
				ALWAYS_EMBED_SWIFT_STANDARD_LIBRARIES = YES;
				BUNDLE_LOADER = "$(TEST_HOST)";
				CODE_SIGN_STYLE = Automatic;
				DEVELOPMENT_TEAM = YKW4K6F98F;
				INFOPLIST_FILE = MVUTests/Info.plist;
				IPHONEOS_DEPLOYMENT_TARGET = 13.7;
				LD_RUNPATH_SEARCH_PATHS = (
					"$(inherited)",
					"@executable_path/Frameworks",
					"@loader_path/Frameworks",
				);
				PRODUCT_BUNDLE_IDENTIFIER = de.hshl.isd.MVUTests;
				PRODUCT_NAME = "$(TARGET_NAME)";
				SWIFT_VERSION = 5.0;
				TARGETED_DEVICE_FAMILY = "1,2";
				TEST_HOST = "$(BUILT_PRODUCTS_DIR)/MVU.app/MVU";
			};
			name = Debug;
		};
		6FD72C9E2508CD7E00F73137 /* Release */ = {
			isa = XCBuildConfiguration;
			buildSettings = {
				ALWAYS_EMBED_SWIFT_STANDARD_LIBRARIES = YES;
				BUNDLE_LOADER = "$(TEST_HOST)";
				CODE_SIGN_STYLE = Automatic;
				DEVELOPMENT_TEAM = YKW4K6F98F;
				INFOPLIST_FILE = MVUTests/Info.plist;
				IPHONEOS_DEPLOYMENT_TARGET = 13.7;
				LD_RUNPATH_SEARCH_PATHS = (
					"$(inherited)",
					"@executable_path/Frameworks",
					"@loader_path/Frameworks",
				);
				PRODUCT_BUNDLE_IDENTIFIER = de.hshl.isd.MVUTests;
				PRODUCT_NAME = "$(TARGET_NAME)";
				SWIFT_VERSION = 5.0;
				TARGETED_DEVICE_FAMILY = "1,2";
				TEST_HOST = "$(BUILT_PRODUCTS_DIR)/MVU.app/MVU";
			};
			name = Release;
		};
		6FD72CA02508CD7E00F73137 /* Debug */ = {
			isa = XCBuildConfiguration;
			buildSettings = {
				ALWAYS_EMBED_SWIFT_STANDARD_LIBRARIES = YES;
				CODE_SIGN_STYLE = Automatic;
				DEVELOPMENT_TEAM = YKW4K6F98F;
				INFOPLIST_FILE = MVUUITests/Info.plist;
				LD_RUNPATH_SEARCH_PATHS = (
					"$(inherited)",
					"@executable_path/Frameworks",
					"@loader_path/Frameworks",
				);
				PRODUCT_BUNDLE_IDENTIFIER = de.hshl.isd.MVUUITests;
				PRODUCT_NAME = "$(TARGET_NAME)";
				SWIFT_VERSION = 5.0;
				TARGETED_DEVICE_FAMILY = "1,2";
				TEST_TARGET_NAME = MVU;
			};
			name = Debug;
		};
		6FD72CA12508CD7E00F73137 /* Release */ = {
			isa = XCBuildConfiguration;
			buildSettings = {
				ALWAYS_EMBED_SWIFT_STANDARD_LIBRARIES = YES;
				CODE_SIGN_STYLE = Automatic;
				DEVELOPMENT_TEAM = YKW4K6F98F;
				INFOPLIST_FILE = MVUUITests/Info.plist;
				LD_RUNPATH_SEARCH_PATHS = (
					"$(inherited)",
					"@executable_path/Frameworks",
					"@loader_path/Frameworks",
				);
				PRODUCT_BUNDLE_IDENTIFIER = de.hshl.isd.MVUUITests;
				PRODUCT_NAME = "$(TARGET_NAME)";
				SWIFT_VERSION = 5.0;
				TARGETED_DEVICE_FAMILY = "1,2";
				TEST_TARGET_NAME = MVU;
			};
			name = Release;
		};
/* End XCBuildConfiguration section */

/* Begin XCConfigurationList section */
		6FD72C6A2508CD7D00F73137 /* Build configuration list for PBXProject "MVU" */ = {
			isa = XCConfigurationList;
			buildConfigurations = (
				6FD72C972508CD7E00F73137 /* Debug */,
				6FD72C982508CD7E00F73137 /* Release */,
			);
			defaultConfigurationIsVisible = 0;
			defaultConfigurationName = Release;
		};
		6FD72C992508CD7E00F73137 /* Build configuration list for PBXNativeTarget "MVU" */ = {
			isa = XCConfigurationList;
			buildConfigurations = (
				6FD72C9A2508CD7E00F73137 /* Debug */,
				6FD72C9B2508CD7E00F73137 /* Release */,
			);
			defaultConfigurationIsVisible = 0;
			defaultConfigurationName = Release;
		};
		6FD72C9C2508CD7E00F73137 /* Build configuration list for PBXNativeTarget "MVUTests" */ = {
			isa = XCConfigurationList;
			buildConfigurations = (
				6FD72C9D2508CD7E00F73137 /* Debug */,
				6FD72C9E2508CD7E00F73137 /* Release */,
			);
			defaultConfigurationIsVisible = 0;
			defaultConfigurationName = Release;
		};
		6FD72C9F2508CD7E00F73137 /* Build configuration list for PBXNativeTarget "MVUUITests" */ = {
			isa = XCConfigurationList;
			buildConfigurations = (
				6FD72CA02508CD7E00F73137 /* Debug */,
				6FD72CA12508CD7E00F73137 /* Release */,
			);
			defaultConfigurationIsVisible = 0;
			defaultConfigurationName = Release;
		};
/* End XCConfigurationList section */
	};
	rootObject = 6FD72C672508CD7D00F73137 /* Project object */;
}
