{
  "object": {
    "pins": [
      {
        "package": "CommonPorts",
        "repositoryURL": "https://github.com/Italbytz/spm-ports-common.git",
        "state": {
          "branch": null,
          "revision": "1c4bfa422ce83b9bcba9de2ceb1ad7ecaf85ca22",
          "version": "0.0.5"
        }
      }
    ]
  },
  "version": 1
}
